// !$*UTF8*$!
{
	archiveVersion = 1;
	classes = {
	};
	objectVersion = 46;
	objects = {

/* Begin PBXBuildFile section */
		8BB91BF0181FB08700C63DA1 /* IASKAppSettingsViewController.m in Sources */ = {isa = PBXBuildFile; fileRef = 8BB91BD2181FB08700C63DA1 /* IASKAppSettingsViewController.m */; };
		8BB91BF1181FB08700C63DA1 /* IASKAppSettingsWebViewController.m in Sources */ = {isa = PBXBuildFile; fileRef = 8BB91BD4181FB08700C63DA1 /* IASKAppSettingsWebViewController.m */; };
		8BB91BF2181FB08700C63DA1 /* IASKSpecifierValuesViewController.m in Sources */ = {isa = PBXBuildFile; fileRef = 8BB91BD6181FB08700C63DA1 /* IASKSpecifierValuesViewController.m */; };
		8BB91BF3181FB08700C63DA1 /* IASKSettingsReader.m in Sources */ = {isa = PBXBuildFile; fileRef = 8BB91BDA181FB08700C63DA1 /* IASKSettingsReader.m */; };
		8BB91BF4181FB08700C63DA1 /* IASKSettingsStore.m in Sources */ = {isa = PBXBuildFile; fileRef = 8BB91BDC181FB08700C63DA1 /* IASKSettingsStore.m */; };
		8BB91BF5181FB08700C63DA1 /* IASKSettingsStoreFile.m in Sources */ = {isa = PBXBuildFile; fileRef = 8BB91BDE181FB08700C63DA1 /* IASKSettingsStoreFile.m */; };
		8BB91BF6181FB08700C63DA1 /* IASKSettingsStoreUserDefaults.m in Sources */ = {isa = PBXBuildFile; fileRef = 8BB91BE0181FB08700C63DA1 /* IASKSettingsStoreUserDefaults.m */; };
		8BB91BF7181FB08700C63DA1 /* IASKSpecifier.m in Sources */ = {isa = PBXBuildFile; fileRef = 8BB91BE2181FB08700C63DA1 /* IASKSpecifier.m */; };
		8BB91BF8181FB08700C63DA1 /* IASKPSSliderSpecifierViewCell.m in Sources */ = {isa = PBXBuildFile; fileRef = 8BB91BE5181FB08700C63DA1 /* IASKPSSliderSpecifierViewCell.m */; };
		8BB91BF9181FB08700C63DA1 /* IASKPSTextFieldSpecifierViewCell.m in Sources */ = {isa = PBXBuildFile; fileRef = 8BB91BE7181FB08700C63DA1 /* IASKPSTextFieldSpecifierViewCell.m */; };
		8BB91BFA181FB08700C63DA1 /* IASKPSTitleValueSpecifierViewCell.m in Sources */ = {isa = PBXBuildFile; fileRef = 8BB91BE9181FB08700C63DA1 /* IASKPSTitleValueSpecifierViewCell.m */; };
		8BB91BFB181FB08700C63DA1 /* IASKSlider.m in Sources */ = {isa = PBXBuildFile; fileRef = 8BB91BEB181FB08700C63DA1 /* IASKSlider.m */; };
		8BB91BFC181FB08700C63DA1 /* IASKSwitch.m in Sources */ = {isa = PBXBuildFile; fileRef = 8BB91BED181FB08700C63DA1 /* IASKSwitch.m */; };
		8BB91BFD181FB08700C63DA1 /* IASKTextField.m in Sources */ = {isa = PBXBuildFile; fileRef = 8BB91BEF181FB08700C63DA1 /* IASKTextField.m */; };
		8BB91C0A181FB0A900C63DA1 /* cgeohash.m in Sources */ = {isa = PBXBuildFile; fileRef = 8BB91C00181FB0A900C63DA1 /* cgeohash.m */; };
		8BB91C0B181FB0A900C63DA1 /* GeoHash.m in Sources */ = {isa = PBXBuildFile; fileRef = 8BB91C03181FB0A900C63DA1 /* GeoHash.m */; };
		8BB91C0C181FB0A900C63DA1 /* GHArea.m in Sources */ = {isa = PBXBuildFile; fileRef = 8BB91C05181FB0A900C63DA1 /* GHArea.m */; };
		8BB91C0D181FB0A900C63DA1 /* GHNeighbors.m in Sources */ = {isa = PBXBuildFile; fileRef = 8BB91C07181FB0A900C63DA1 /* GHNeighbors.m */; };
		8BB91C0E181FB0A900C63DA1 /* GHRange.m in Sources */ = {isa = PBXBuildFile; fileRef = 8BB91C09181FB0A900C63DA1 /* GHRange.m */; };
		8BB91C21181FB13600C63DA1 /* libQREncoder.a in Frameworks */ = {isa = PBXBuildFile; fileRef = 8BB91C15181FB0B500C63DA1 /* libQREncoder.a */; };
		8BB91C22181FB13600C63DA1 /* libZXingWidget.a in Frameworks */ = {isa = PBXBuildFile; fileRef = 8BB91C1E181FB0D300C63DA1 /* libZXingWidget.a */; };
		8BB91C27181FB13600C63DA1 /* AudioToolbox.framework in Frameworks */ = {isa = PBXBuildFile; fileRef = 8BB91C23181FB13600C63DA1 /* AudioToolbox.framework */; };
		8BB91C28181FB13600C63DA1 /* AVFoundation.framework in Frameworks */ = {isa = PBXBuildFile; fileRef = 8BB91C24181FB13600C63DA1 /* AVFoundation.framework */; };
		8BB91C29181FB13600C63DA1 /* CoreLocation.framework in Frameworks */ = {isa = PBXBuildFile; fileRef = 8BB91C25181FB13600C63DA1 /* CoreLocation.framework */; };
		8BB91C2A181FB13600C63DA1 /* MessageUI.framework in Frameworks */ = {isa = PBXBuildFile; fileRef = 8BB91C26181FB13600C63DA1 /* MessageUI.framework */; };
		8BB91C2C181FB1F200C63DA1 /* Settings.bundle in Resources */ = {isa = PBXBuildFile; fileRef = 8BB91C2B181FB1F200C63DA1 /* Settings.bundle */; };
		8BB999E2181FA6D10049AC08 /* Foundation.framework in Frameworks */ = {isa = PBXBuildFile; fileRef = 8BB999E1181FA6D10049AC08 /* Foundation.framework */; };
		8BB999E4181FA6D10049AC08 /* CoreGraphics.framework in Frameworks */ = {isa = PBXBuildFile; fileRef = 8BB999E3181FA6D10049AC08 /* CoreGraphics.framework */; };
		8BB999E6181FA6D10049AC08 /* UIKit.framework in Frameworks */ = {isa = PBXBuildFile; fileRef = 8BB999E5181FA6D10049AC08 /* UIKit.framework */; };
		8BB999EC181FA6D10049AC08 /* InfoPlist.strings in Resources */ = {isa = PBXBuildFile; fileRef = 8BB999EA181FA6D10049AC08 /* InfoPlist.strings */; };
		8BB999EE181FA6D10049AC08 /* main.m in Sources */ = {isa = PBXBuildFile; fileRef = 8BB999ED181FA6D10049AC08 /* main.m */; };
		8BB999F2181FA6D10049AC08 /* MIADAppDelegate.m in Sources */ = {isa = PBXBuildFile; fileRef = 8BB999F1181FA6D10049AC08 /* MIADAppDelegate.m */; };
		8BB999F5181FA6D10049AC08 /* Main_iPhone.storyboard in Resources */ = {isa = PBXBuildFile; fileRef = 8BB999F3181FA6D10049AC08 /* Main_iPhone.storyboard */; };
		8BB999F8181FA6D10049AC08 /* Main_iPad.storyboard in Resources */ = {isa = PBXBuildFile; fileRef = 8BB999F6181FA6D10049AC08 /* Main_iPad.storyboard */; };
		8BB99A00181FA6D10049AC08 /* Images.xcassets in Resources */ = {isa = PBXBuildFile; fileRef = 8BB999FF181FA6D10049AC08 /* Images.xcassets */; };
		8BB99A07181FA6D10049AC08 /* XCTest.framework in Frameworks */ = {isa = PBXBuildFile; fileRef = 8BB99A06181FA6D10049AC08 /* XCTest.framework */; };
		8BB99A08181FA6D10049AC08 /* Foundation.framework in Frameworks */ = {isa = PBXBuildFile; fileRef = 8BB999E1181FA6D10049AC08 /* Foundation.framework */; };
		8BB99A09181FA6D10049AC08 /* UIKit.framework in Frameworks */ = {isa = PBXBuildFile; fileRef = 8BB999E5181FA6D10049AC08 /* UIKit.framework */; };
		8BB99A11181FA6D10049AC08 /* InfoPlist.strings in Resources */ = {isa = PBXBuildFile; fileRef = 8BB99A0F181FA6D10049AC08 /* InfoPlist.strings */; };
		8BB99A13181FA6D10049AC08 /* MiataruTests.m in Sources */ = {isa = PBXBuildFile; fileRef = 8BB99A12181FA6D10049AC08 /* MiataruTests.m */; };
/* End PBXBuildFile section */

/* Begin PBXContainerItemProxy section */
		8BB91C14181FB0B500C63DA1 /* PBXContainerItemProxy */ = {
			isa = PBXContainerItemProxy;
			containerPortal = 8BB91C0F181FB0B500C63DA1 /* QREncoder.xcodeproj */;
			proxyType = 2;
			remoteGlobalIDString = D2AAC07E0554694100DB518D;
			remoteInfo = QREncoder;
		};
		8BB91C16181FB0B500C63DA1 /* PBXContainerItemProxy */ = {
			isa = PBXContainerItemProxy;
			containerPortal = 8BB91C0F181FB0B500C63DA1 /* QREncoder.xcodeproj */;
			proxyType = 2;
			remoteGlobalIDString = EB7DA3AE10A4F5D90071984A;
			remoteInfo = QREncoderTest;
		};
		8BB91C1D181FB0D300C63DA1 /* PBXContainerItemProxy */ = {
			isa = PBXContainerItemProxy;
			containerPortal = 8BB91C18181FB0D200C63DA1 /* ZXingWidget.xcodeproj */;
			proxyType = 2;
			remoteGlobalIDString = D2AAC07E0554694100DB518D;
			remoteInfo = ZXingWidget;
		};
		8BB91C1F181FB0D300C63DA1 /* PBXContainerItemProxy */ = {
			isa = PBXContainerItemProxy;
			containerPortal = 8BB91C18181FB0D200C63DA1 /* ZXingWidget.xcodeproj */;
			proxyType = 2;
			remoteGlobalIDString = 1D60398D13DF7CAD006F4B51;
			remoteInfo = ZXingTests;
		};
		8BB99A0A181FA6D10049AC08 /* PBXContainerItemProxy */ = {
			isa = PBXContainerItemProxy;
			containerPortal = 8BB999D6181FA6D10049AC08 /* Project object */;
			proxyType = 1;
			remoteGlobalIDString = 8BB999DD181FA6D10049AC08;
			remoteInfo = Miataru;
		};
/* End PBXContainerItemProxy section */

/* Begin PBXFileReference section */
		8BB91BD1181FB08700C63DA1 /* IASKAppSettingsViewController.h */ = {isa = PBXFileReference; fileEncoding = 4; lastKnownFileType = sourcecode.c.h; path = IASKAppSettingsViewController.h; sourceTree = "<group>"; };
		8BB91BD2181FB08700C63DA1 /* IASKAppSettingsViewController.m */ = {isa = PBXFileReference; fileEncoding = 4; lastKnownFileType = sourcecode.c.objc; path = IASKAppSettingsViewController.m; sourceTree = "<group>"; };
		8BB91BD3181FB08700C63DA1 /* IASKAppSettingsWebViewController.h */ = {isa = PBXFileReference; fileEncoding = 4; lastKnownFileType = sourcecode.c.h; path = IASKAppSettingsWebViewController.h; sourceTree = "<group>"; };
		8BB91BD4181FB08700C63DA1 /* IASKAppSettingsWebViewController.m */ = {isa = PBXFileReference; fileEncoding = 4; lastKnownFileType = sourcecode.c.objc; path = IASKAppSettingsWebViewController.m; sourceTree = "<group>"; };
		8BB91BD5181FB08700C63DA1 /* IASKSpecifierValuesViewController.h */ = {isa = PBXFileReference; fileEncoding = 4; lastKnownFileType = sourcecode.c.h; path = IASKSpecifierValuesViewController.h; sourceTree = "<group>"; };
		8BB91BD6181FB08700C63DA1 /* IASKSpecifierValuesViewController.m */ = {isa = PBXFileReference; fileEncoding = 4; lastKnownFileType = sourcecode.c.objc; path = IASKSpecifierValuesViewController.m; sourceTree = "<group>"; };
		8BB91BD7181FB08700C63DA1 /* IASKViewController.h */ = {isa = PBXFileReference; fileEncoding = 4; lastKnownFileType = sourcecode.c.h; path = IASKViewController.h; sourceTree = "<group>"; };
		8BB91BD9181FB08700C63DA1 /* IASKSettingsReader.h */ = {isa = PBXFileReference; fileEncoding = 4; lastKnownFileType = sourcecode.c.h; path = IASKSettingsReader.h; sourceTree = "<group>"; };
		8BB91BDA181FB08700C63DA1 /* IASKSettingsReader.m */ = {isa = PBXFileReference; fileEncoding = 4; lastKnownFileType = sourcecode.c.objc; path = IASKSettingsReader.m; sourceTree = "<group>"; };
		8BB91BDB181FB08700C63DA1 /* IASKSettingsStore.h */ = {isa = PBXFileReference; fileEncoding = 4; lastKnownFileType = sourcecode.c.h; path = IASKSettingsStore.h; sourceTree = "<group>"; };
		8BB91BDC181FB08700C63DA1 /* IASKSettingsStore.m */ = {isa = PBXFileReference; fileEncoding = 4; lastKnownFileType = sourcecode.c.objc; path = IASKSettingsStore.m; sourceTree = "<group>"; };
		8BB91BDD181FB08700C63DA1 /* IASKSettingsStoreFile.h */ = {isa = PBXFileReference; fileEncoding = 4; lastKnownFileType = sourcecode.c.h; path = IASKSettingsStoreFile.h; sourceTree = "<group>"; };
		8BB91BDE181FB08700C63DA1 /* IASKSettingsStoreFile.m */ = {isa = PBXFileReference; fileEncoding = 4; lastKnownFileType = sourcecode.c.objc; path = IASKSettingsStoreFile.m; sourceTree = "<group>"; };
		8BB91BDF181FB08700C63DA1 /* IASKSettingsStoreUserDefaults.h */ = {isa = PBXFileReference; fileEncoding = 4; lastKnownFileType = sourcecode.c.h; path = IASKSettingsStoreUserDefaults.h; sourceTree = "<group>"; };
		8BB91BE0181FB08700C63DA1 /* IASKSettingsStoreUserDefaults.m */ = {isa = PBXFileReference; fileEncoding = 4; lastKnownFileType = sourcecode.c.objc; path = IASKSettingsStoreUserDefaults.m; sourceTree = "<group>"; };
		8BB91BE1181FB08700C63DA1 /* IASKSpecifier.h */ = {isa = PBXFileReference; fileEncoding = 4; lastKnownFileType = sourcecode.c.h; path = IASKSpecifier.h; sourceTree = "<group>"; };
		8BB91BE2181FB08700C63DA1 /* IASKSpecifier.m */ = {isa = PBXFileReference; fileEncoding = 4; lastKnownFileType = sourcecode.c.objc; path = IASKSpecifier.m; sourceTree = "<group>"; };
		8BB91BE4181FB08700C63DA1 /* IASKPSSliderSpecifierViewCell.h */ = {isa = PBXFileReference; fileEncoding = 4; lastKnownFileType = sourcecode.c.h; path = IASKPSSliderSpecifierViewCell.h; sourceTree = "<group>"; };
		8BB91BE5181FB08700C63DA1 /* IASKPSSliderSpecifierViewCell.m */ = {isa = PBXFileReference; fileEncoding = 4; lastKnownFileType = sourcecode.c.objc; path = IASKPSSliderSpecifierViewCell.m; sourceTree = "<group>"; };
		8BB91BE6181FB08700C63DA1 /* IASKPSTextFieldSpecifierViewCell.h */ = {isa = PBXFileReference; fileEncoding = 4; lastKnownFileType = sourcecode.c.h; path = IASKPSTextFieldSpecifierViewCell.h; sourceTree = "<group>"; };
		8BB91BE7181FB08700C63DA1 /* IASKPSTextFieldSpecifierViewCell.m */ = {isa = PBXFileReference; fileEncoding = 4; lastKnownFileType = sourcecode.c.objc; path = IASKPSTextFieldSpecifierViewCell.m; sourceTree = "<group>"; };
		8BB91BE8181FB08700C63DA1 /* IASKPSTitleValueSpecifierViewCell.h */ = {isa = PBXFileReference; fileEncoding = 4; lastKnownFileType = sourcecode.c.h; path = IASKPSTitleValueSpecifierViewCell.h; sourceTree = "<group>"; };
		8BB91BE9181FB08700C63DA1 /* IASKPSTitleValueSpecifierViewCell.m */ = {isa = PBXFileReference; fileEncoding = 4; lastKnownFileType = sourcecode.c.objc; path = IASKPSTitleValueSpecifierViewCell.m; sourceTree = "<group>"; };
		8BB91BEA181FB08700C63DA1 /* IASKSlider.h */ = {isa = PBXFileReference; fileEncoding = 4; lastKnownFileType = sourcecode.c.h; path = IASKSlider.h; sourceTree = "<group>"; };
		8BB91BEB181FB08700C63DA1 /* IASKSlider.m */ = {isa = PBXFileReference; fileEncoding = 4; lastKnownFileType = sourcecode.c.objc; path = IASKSlider.m; sourceTree = "<group>"; };
		8BB91BEC181FB08700C63DA1 /* IASKSwitch.h */ = {isa = PBXFileReference; fileEncoding = 4; lastKnownFileType = sourcecode.c.h; path = IASKSwitch.h; sourceTree = "<group>"; };
		8BB91BED181FB08700C63DA1 /* IASKSwitch.m */ = {isa = PBXFileReference; fileEncoding = 4; lastKnownFileType = sourcecode.c.objc; path = IASKSwitch.m; sourceTree = "<group>"; };
		8BB91BEE181FB08700C63DA1 /* IASKTextField.h */ = {isa = PBXFileReference; fileEncoding = 4; lastKnownFileType = sourcecode.c.h; path = IASKTextField.h; sourceTree = "<group>"; };
		8BB91BEF181FB08700C63DA1 /* IASKTextField.m */ = {isa = PBXFileReference; fileEncoding = 4; lastKnownFileType = sourcecode.c.objc; path = IASKTextField.m; sourceTree = "<group>"; };
		8BB91BFF181FB0A900C63DA1 /* cgeohash.h */ = {isa = PBXFileReference; fileEncoding = 4; lastKnownFileType = sourcecode.c.h; path = cgeohash.h; sourceTree = "<group>"; };
		8BB91C00181FB0A900C63DA1 /* cgeohash.m */ = {isa = PBXFileReference; fileEncoding = 4; lastKnownFileType = sourcecode.c.objc; path = cgeohash.m; sourceTree = "<group>"; };
		8BB91C01181FB0A900C63DA1 /* GeoHash-Prefix.pch */ = {isa = PBXFileReference; fileEncoding = 4; lastKnownFileType = sourcecode.c.h; path = "GeoHash-Prefix.pch"; sourceTree = "<group>"; };
		8BB91C02181FB0A900C63DA1 /* GeoHash.h */ = {isa = PBXFileReference; fileEncoding = 4; lastKnownFileType = sourcecode.c.h; path = GeoHash.h; sourceTree = "<group>"; };
		8BB91C03181FB0A900C63DA1 /* GeoHash.m */ = {isa = PBXFileReference; fileEncoding = 4; lastKnownFileType = sourcecode.c.objc; path = GeoHash.m; sourceTree = "<group>"; };
		8BB91C04181FB0A900C63DA1 /* GHArea.h */ = {isa = PBXFileReference; fileEncoding = 4; lastKnownFileType = sourcecode.c.h; path = GHArea.h; sourceTree = "<group>"; };
		8BB91C05181FB0A900C63DA1 /* GHArea.m */ = {isa = PBXFileReference; fileEncoding = 4; lastKnownFileType = sourcecode.c.objc; path = GHArea.m; sourceTree = "<group>"; };
		8BB91C06181FB0A900C63DA1 /* GHNeighbors.h */ = {isa = PBXFileReference; fileEncoding = 4; lastKnownFileType = sourcecode.c.h; path = GHNeighbors.h; sourceTree = "<group>"; };
		8BB91C07181FB0A900C63DA1 /* GHNeighbors.m */ = {isa = PBXFileReference; fileEncoding = 4; lastKnownFileType = sourcecode.c.objc; path = GHNeighbors.m; sourceTree = "<group>"; };
		8BB91C08181FB0A900C63DA1 /* GHRange.h */ = {isa = PBXFileReference; fileEncoding = 4; lastKnownFileType = sourcecode.c.h; path = GHRange.h; sourceTree = "<group>"; };
		8BB91C09181FB0A900C63DA1 /* GHRange.m */ = {isa = PBXFileReference; fileEncoding = 4; lastKnownFileType = sourcecode.c.objc; path = GHRange.m; sourceTree = "<group>"; };
		8BB91C0F181FB0B500C63DA1 /* QREncoder.xcodeproj */ = {isa = PBXFileReference; lastKnownFileType = "wrapper.pb-project"; name = QREncoder.xcodeproj; path = Libraries/QREncoder/QREncoder.xcodeproj; sourceTree = "<group>"; };
		8BB91C18181FB0D200C63DA1 /* ZXingWidget.xcodeproj */ = {isa = PBXFileReference; lastKnownFileType = "wrapper.pb-project"; name = ZXingWidget.xcodeproj; path = Libraries/zxing/iphone/ZXingWidget/ZXingWidget.xcodeproj; sourceTree = "<group>"; };
		8BB91C23181FB13600C63DA1 /* AudioToolbox.framework */ = {isa = PBXFileReference; lastKnownFileType = wrapper.framework; name = AudioToolbox.framework; path = System/Library/Frameworks/AudioToolbox.framework; sourceTree = SDKROOT; };
		8BB91C24181FB13600C63DA1 /* AVFoundation.framework */ = {isa = PBXFileReference; lastKnownFileType = wrapper.framework; name = AVFoundation.framework; path = System/Library/Frameworks/AVFoundation.framework; sourceTree = SDKROOT; };
		8BB91C25181FB13600C63DA1 /* CoreLocation.framework */ = {isa = PBXFileReference; lastKnownFileType = wrapper.framework; name = CoreLocation.framework; path = System/Library/Frameworks/CoreLocation.framework; sourceTree = SDKROOT; };
		8BB91C26181FB13600C63DA1 /* MessageUI.framework */ = {isa = PBXFileReference; lastKnownFileType = wrapper.framework; name = MessageUI.framework; path = System/Library/Frameworks/MessageUI.framework; sourceTree = SDKROOT; };
		8BB91C2B181FB1F200C63DA1 /* Settings.bundle */ = {isa = PBXFileReference; lastKnownFileType = "wrapper.plug-in"; path = Settings.bundle; sourceTree = "<group>"; };
		8BB999DE181FA6D10049AC08 /* Miataru.app */ = {isa = PBXFileReference; explicitFileType = wrapper.application; includeInIndex = 0; path = Miataru.app; sourceTree = BUILT_PRODUCTS_DIR; };
		8BB999E1181FA6D10049AC08 /* Foundation.framework */ = {isa = PBXFileReference; lastKnownFileType = wrapper.framework; name = Foundation.framework; path = System/Library/Frameworks/Foundation.framework; sourceTree = SDKROOT; };
		8BB999E3181FA6D10049AC08 /* CoreGraphics.framework */ = {isa = PBXFileReference; lastKnownFileType = wrapper.framework; name = CoreGraphics.framework; path = System/Library/Frameworks/CoreGraphics.framework; sourceTree = SDKROOT; };
		8BB999E5181FA6D10049AC08 /* UIKit.framework */ = {isa = PBXFileReference; lastKnownFileType = wrapper.framework; name = UIKit.framework; path = System/Library/Frameworks/UIKit.framework; sourceTree = SDKROOT; };
		8BB999E9181FA6D10049AC08 /* Miataru-Info.plist */ = {isa = PBXFileReference; lastKnownFileType = text.plist.xml; path = "Miataru-Info.plist"; sourceTree = "<group>"; };
		8BB999EB181FA6D10049AC08 /* en */ = {isa = PBXFileReference; lastKnownFileType = text.plist.strings; name = en; path = en.lproj/InfoPlist.strings; sourceTree = "<group>"; };
		8BB999ED181FA6D10049AC08 /* main.m */ = {isa = PBXFileReference; lastKnownFileType = sourcecode.c.objc; path = main.m; sourceTree = "<group>"; };
		8BB999EF181FA6D10049AC08 /* Miataru-Prefix.pch */ = {isa = PBXFileReference; lastKnownFileType = sourcecode.c.h; path = "Miataru-Prefix.pch"; sourceTree = "<group>"; };
		8BB999F0181FA6D10049AC08 /* MIADAppDelegate.h */ = {isa = PBXFileReference; lastKnownFileType = sourcecode.c.h; path = MIADAppDelegate.h; sourceTree = "<group>"; };
		8BB999F1181FA6D10049AC08 /* MIADAppDelegate.m */ = {isa = PBXFileReference; lastKnownFileType = sourcecode.c.objc; path = MIADAppDelegate.m; sourceTree = "<group>"; };
		8BB999F4181FA6D10049AC08 /* Base */ = {isa = PBXFileReference; lastKnownFileType = file.storyboard; name = Base; path = Base.lproj/Main_iPhone.storyboard; sourceTree = "<group>"; };
		8BB999F7181FA6D10049AC08 /* Base */ = {isa = PBXFileReference; lastKnownFileType = file.storyboard; name = Base; path = Base.lproj/Main_iPad.storyboard; sourceTree = "<group>"; };
		8BB999FF181FA6D10049AC08 /* Images.xcassets */ = {isa = PBXFileReference; lastKnownFileType = folder.assetcatalog; path = Images.xcassets; sourceTree = "<group>"; };
		8BB99A05181FA6D10049AC08 /* MiataruTests.xctest */ = {isa = PBXFileReference; explicitFileType = wrapper.cfbundle; includeInIndex = 0; path = MiataruTests.xctest; sourceTree = BUILT_PRODUCTS_DIR; };
		8BB99A06181FA6D10049AC08 /* XCTest.framework */ = {isa = PBXFileReference; lastKnownFileType = wrapper.framework; name = XCTest.framework; path = Library/Frameworks/XCTest.framework; sourceTree = DEVELOPER_DIR; };
		8BB99A0E181FA6D10049AC08 /* MiataruTests-Info.plist */ = {isa = PBXFileReference; lastKnownFileType = text.plist.xml; path = "MiataruTests-Info.plist"; sourceTree = "<group>"; };
		8BB99A10181FA6D10049AC08 /* en */ = {isa = PBXFileReference; lastKnownFileType = text.plist.strings; name = en; path = en.lproj/InfoPlist.strings; sourceTree = "<group>"; };
		8BB99A12181FA6D10049AC08 /* MiataruTests.m */ = {isa = PBXFileReference; lastKnownFileType = sourcecode.c.objc; path = MiataruTests.m; sourceTree = "<group>"; };
/* End PBXFileReference section */

/* Begin PBXFrameworksBuildPhase section */
		8BB999DB181FA6D10049AC08 /* Frameworks */ = {
			isa = PBXFrameworksBuildPhase;
			buildActionMask = 2147483647;
			files = (
				8BB91C27181FB13600C63DA1 /* AudioToolbox.framework in Frameworks */,
				8BB91C28181FB13600C63DA1 /* AVFoundation.framework in Frameworks */,
				8BB91C29181FB13600C63DA1 /* CoreLocation.framework in Frameworks */,
				8BB91C2A181FB13600C63DA1 /* MessageUI.framework in Frameworks */,
				8BB91C21181FB13600C63DA1 /* libQREncoder.a in Frameworks */,
				8BB91C22181FB13600C63DA1 /* libZXingWidget.a in Frameworks */,
				8BB999E4181FA6D10049AC08 /* CoreGraphics.framework in Frameworks */,
				8BB999E6181FA6D10049AC08 /* UIKit.framework in Frameworks */,
				8BB999E2181FA6D10049AC08 /* Foundation.framework in Frameworks */,
			);
			runOnlyForDeploymentPostprocessing = 0;
		};
		8BB99A02181FA6D10049AC08 /* Frameworks */ = {
			isa = PBXFrameworksBuildPhase;
			buildActionMask = 2147483647;
			files = (
				8BB99A07181FA6D10049AC08 /* XCTest.framework in Frameworks */,
				8BB99A09181FA6D10049AC08 /* UIKit.framework in Frameworks */,
				8BB99A08181FA6D10049AC08 /* Foundation.framework in Frameworks */,
			);
			runOnlyForDeploymentPostprocessing = 0;
		};
/* End PBXFrameworksBuildPhase section */

/* Begin PBXGroup section */
		8BB91BCE181FB07300C63DA1 /* Libraries */ = {
			isa = PBXGroup;
			children = (
				8BB91BFE181FB0A900C63DA1 /* GeoHash */,
				8BB91BCF181FB08700C63DA1 /* InAppSettingsKit */,
			);
			name = Libraries;
			sourceTree = "<group>";
		};
		8BB91BCF181FB08700C63DA1 /* InAppSettingsKit */ = {
			isa = PBXGroup;
			children = (
				8BB91BD0181FB08700C63DA1 /* Controllers */,
				8BB91BD8181FB08700C63DA1 /* Models */,
				8BB91BE3181FB08700C63DA1 /* Views */,
			);
			path = InAppSettingsKit;
			sourceTree = "<group>";
		};
		8BB91BD0181FB08700C63DA1 /* Controllers */ = {
			isa = PBXGroup;
			children = (
				8BB91BD1181FB08700C63DA1 /* IASKAppSettingsViewController.h */,
				8BB91BD2181FB08700C63DA1 /* IASKAppSettingsViewController.m */,
				8BB91BD3181FB08700C63DA1 /* IASKAppSettingsWebViewController.h */,
				8BB91BD4181FB08700C63DA1 /* IASKAppSettingsWebViewController.m */,
				8BB91BD5181FB08700C63DA1 /* IASKSpecifierValuesViewController.h */,
				8BB91BD6181FB08700C63DA1 /* IASKSpecifierValuesViewController.m */,
				8BB91BD7181FB08700C63DA1 /* IASKViewController.h */,
			);
			path = Controllers;
			sourceTree = "<group>";
		};
		8BB91BD8181FB08700C63DA1 /* Models */ = {
			isa = PBXGroup;
			children = (
				8BB91BD9181FB08700C63DA1 /* IASKSettingsReader.h */,
				8BB91BDA181FB08700C63DA1 /* IASKSettingsReader.m */,
				8BB91BDB181FB08700C63DA1 /* IASKSettingsStore.h */,
				8BB91BDC181FB08700C63DA1 /* IASKSettingsStore.m */,
				8BB91BDD181FB08700C63DA1 /* IASKSettingsStoreFile.h */,
				8BB91BDE181FB08700C63DA1 /* IASKSettingsStoreFile.m */,
				8BB91BDF181FB08700C63DA1 /* IASKSettingsStoreUserDefaults.h */,
				8BB91BE0181FB08700C63DA1 /* IASKSettingsStoreUserDefaults.m */,
				8BB91BE1181FB08700C63DA1 /* IASKSpecifier.h */,
				8BB91BE2181FB08700C63DA1 /* IASKSpecifier.m */,
			);
			path = Models;
			sourceTree = "<group>";
		};
		8BB91BE3181FB08700C63DA1 /* Views */ = {
			isa = PBXGroup;
			children = (
				8BB91BE4181FB08700C63DA1 /* IASKPSSliderSpecifierViewCell.h */,
				8BB91BE5181FB08700C63DA1 /* IASKPSSliderSpecifierViewCell.m */,
				8BB91BE6181FB08700C63DA1 /* IASKPSTextFieldSpecifierViewCell.h */,
				8BB91BE7181FB08700C63DA1 /* IASKPSTextFieldSpecifierViewCell.m */,
				8BB91BE8181FB08700C63DA1 /* IASKPSTitleValueSpecifierViewCell.h */,
				8BB91BE9181FB08700C63DA1 /* IASKPSTitleValueSpecifierViewCell.m */,
				8BB91BEA181FB08700C63DA1 /* IASKSlider.h */,
				8BB91BEB181FB08700C63DA1 /* IASKSlider.m */,
				8BB91BEC181FB08700C63DA1 /* IASKSwitch.h */,
				8BB91BED181FB08700C63DA1 /* IASKSwitch.m */,
				8BB91BEE181FB08700C63DA1 /* IASKTextField.h */,
				8BB91BEF181FB08700C63DA1 /* IASKTextField.m */,
			);
			path = Views;
			sourceTree = "<group>";
		};
		8BB91BFE181FB0A900C63DA1 /* GeoHash */ = {
			isa = PBXGroup;
			children = (
				8BB91BFF181FB0A900C63DA1 /* cgeohash.h */,
				8BB91C00181FB0A900C63DA1 /* cgeohash.m */,
				8BB91C01181FB0A900C63DA1 /* GeoHash-Prefix.pch */,
				8BB91C02181FB0A900C63DA1 /* GeoHash.h */,
				8BB91C03181FB0A900C63DA1 /* GeoHash.m */,
				8BB91C04181FB0A900C63DA1 /* GHArea.h */,
				8BB91C05181FB0A900C63DA1 /* GHArea.m */,
				8BB91C06181FB0A900C63DA1 /* GHNeighbors.h */,
				8BB91C07181FB0A900C63DA1 /* GHNeighbors.m */,
				8BB91C08181FB0A900C63DA1 /* GHRange.h */,
				8BB91C09181FB0A900C63DA1 /* GHRange.m */,
			);
			path = GeoHash;
			sourceTree = "<group>";
		};
		8BB91C10181FB0B500C63DA1 /* Products */ = {
			isa = PBXGroup;
			children = (
				8BB91C15181FB0B500C63DA1 /* libQREncoder.a */,
				8BB91C17181FB0B500C63DA1 /* QREncoderTest.octest */,
			);
			name = Products;
			sourceTree = "<group>";
		};
		8BB91C19181FB0D200C63DA1 /* Products */ = {
			isa = PBXGroup;
			children = (
				8BB91C1E181FB0D300C63DA1 /* libZXingWidget.a */,
				8BB91C20181FB0D300C63DA1 /* ZXingTests.octest */,
			);
			name = Products;
			sourceTree = "<group>";
		};
		8BB999D5181FA6D10049AC08 = {
			isa = PBXGroup;
			children = (
				8BB91C18181FB0D200C63DA1 /* ZXingWidget.xcodeproj */,
				8BB91C0F181FB0B500C63DA1 /* QREncoder.xcodeproj */,
				8BB999E7181FA6D10049AC08 /* Miataru */,
				8BB99A0C181FA6D10049AC08 /* MiataruTests */,
				8BB999E0181FA6D10049AC08 /* Frameworks */,
				8BB999DF181FA6D10049AC08 /* Products */,
				8BB91C2B181FB1F200C63DA1 /* Settings.bundle */,
			);
			sourceTree = "<group>";
		};
		8BB999DF181FA6D10049AC08 /* Products */ = {
			isa = PBXGroup;
			children = (
				8BB999DE181FA6D10049AC08 /* Miataru.app */,
				8BB99A05181FA6D10049AC08 /* MiataruTests.xctest */,
			);
			name = Products;
			sourceTree = "<group>";
		};
		8BB999E0181FA6D10049AC08 /* Frameworks */ = {
			isa = PBXGroup;
			children = (
				8BB91C23181FB13600C63DA1 /* AudioToolbox.framework */,
				8BB91C24181FB13600C63DA1 /* AVFoundation.framework */,
				8BB91C25181FB13600C63DA1 /* CoreLocation.framework */,
				8BB91C26181FB13600C63DA1 /* MessageUI.framework */,
				8BB999E1181FA6D10049AC08 /* Foundation.framework */,
				8BB999E3181FA6D10049AC08 /* CoreGraphics.framework */,
				8BB999E5181FA6D10049AC08 /* UIKit.framework */,
				8BB99A06181FA6D10049AC08 /* XCTest.framework */,
			);
			name = Frameworks;
			sourceTree = "<group>";
		};
		8BB999E7181FA6D10049AC08 /* Miataru */ = {
			isa = PBXGroup;
			children = (
				8BB91BCE181FB07300C63DA1 /* Libraries */,
				8BB999F0181FA6D10049AC08 /* MIADAppDelegate.h */,
				8BB999F1181FA6D10049AC08 /* MIADAppDelegate.m */,
				8BB999F3181FA6D10049AC08 /* Main_iPhone.storyboard */,
				8BB999F6181FA6D10049AC08 /* Main_iPad.storyboard */,
				8BB999FF181FA6D10049AC08 /* Images.xcassets */,
				8BB999E8181FA6D10049AC08 /* Supporting Files */,
			);
			path = Miataru;
			sourceTree = "<group>";
		};
		8BB999E8181FA6D10049AC08 /* Supporting Files */ = {
			isa = PBXGroup;
			children = (
				8BB999E9181FA6D10049AC08 /* Miataru-Info.plist */,
				8BB999EA181FA6D10049AC08 /* InfoPlist.strings */,
				8BB999ED181FA6D10049AC08 /* main.m */,
				8BB999EF181FA6D10049AC08 /* Miataru-Prefix.pch */,
			);
			name = "Supporting Files";
			sourceTree = "<group>";
		};
		8BB99A0C181FA6D10049AC08 /* MiataruTests */ = {
			isa = PBXGroup;
			children = (
				8BB99A12181FA6D10049AC08 /* MiataruTests.m */,
				8BB99A0D181FA6D10049AC08 /* Supporting Files */,
			);
			path = MiataruTests;
			sourceTree = "<group>";
		};
		8BB99A0D181FA6D10049AC08 /* Supporting Files */ = {
			isa = PBXGroup;
			children = (
				8BB99A0E181FA6D10049AC08 /* MiataruTests-Info.plist */,
				8BB99A0F181FA6D10049AC08 /* InfoPlist.strings */,
			);
			name = "Supporting Files";
			sourceTree = "<group>";
		};
/* End PBXGroup section */

/* Begin PBXNativeTarget section */
		8BB999DD181FA6D10049AC08 /* Miataru */ = {
			isa = PBXNativeTarget;
			buildConfigurationList = 8BB99A16181FA6D10049AC08 /* Build configuration list for PBXNativeTarget "Miataru" */;
			buildPhases = (
				8BB999DA181FA6D10049AC08 /* Sources */,
				8BB999DB181FA6D10049AC08 /* Frameworks */,
				8BB999DC181FA6D10049AC08 /* Resources */,
			);
			buildRules = (
			);
			dependencies = (
			);
			name = Miataru;
			productName = Miataru;
			productReference = 8BB999DE181FA6D10049AC08 /* Miataru.app */;
			productType = "com.apple.product-type.application";
		};
		8BB99A04181FA6D10049AC08 /* MiataruTests */ = {
			isa = PBXNativeTarget;
			buildConfigurationList = 8BB99A19181FA6D10049AC08 /* Build configuration list for PBXNativeTarget "MiataruTests" */;
			buildPhases = (
				8BB99A01181FA6D10049AC08 /* Sources */,
				8BB99A02181FA6D10049AC08 /* Frameworks */,
				8BB99A03181FA6D10049AC08 /* Resources */,
			);
			buildRules = (
			);
			dependencies = (
				8BB99A0B181FA6D10049AC08 /* PBXTargetDependency */,
			);
			name = MiataruTests;
			productName = MiataruTests;
			productReference = 8BB99A05181FA6D10049AC08 /* MiataruTests.xctest */;
			productType = "com.apple.product-type.bundle.unit-test";
		};
/* End PBXNativeTarget section */

/* Begin PBXProject section */
		8BB999D6181FA6D10049AC08 /* Project object */ = {
			isa = PBXProject;
			attributes = {
				CLASSPREFIX = MIAD;
				LastUpgradeCheck = 0500;
				ORGANIZATIONNAME = Miataru;
				TargetAttributes = {
					8BB999DD181FA6D10049AC08 = {
						DevelopmentTeam = X7H5D9Q5T4;
						SystemCapabilities = {
							com.apple.BackgroundModes = {
								enabled = 1;
							};
						};
					};
					8BB99A04181FA6D10049AC08 = {
						TestTargetID = 8BB999DD181FA6D10049AC08;
					};
				};
			};
			buildConfigurationList = 8BB999D9181FA6D10049AC08 /* Build configuration list for PBXProject "Miataru" */;
			compatibilityVersion = "Xcode 3.2";
			developmentRegion = English;
			hasScannedForEncodings = 0;
			knownRegions = (
				en,
				Base,
			);
			mainGroup = 8BB999D5181FA6D10049AC08;
			productRefGroup = 8BB999DF181FA6D10049AC08 /* Products */;
			projectDirPath = "";
			projectReferences = (
				{
					ProductGroup = 8BB91C10181FB0B500C63DA1 /* Products */;
					ProjectRef = 8BB91C0F181FB0B500C63DA1 /* QREncoder.xcodeproj */;
				},
				{
					ProductGroup = 8BB91C19181FB0D200C63DA1 /* Products */;
					ProjectRef = 8BB91C18181FB0D200C63DA1 /* ZXingWidget.xcodeproj */;
				},
			);
			projectRoot = "";
			targets = (
				8BB999DD181FA6D10049AC08 /* Miataru */,
				8BB99A04181FA6D10049AC08 /* MiataruTests */,
			);
		};
/* End PBXProject section */

/* Begin PBXReferenceProxy section */
		8BB91C15181FB0B500C63DA1 /* libQREncoder.a */ = {
			isa = PBXReferenceProxy;
			fileType = archive.ar;
			path = libQREncoder.a;
			remoteRef = 8BB91C14181FB0B500C63DA1 /* PBXContainerItemProxy */;
			sourceTree = BUILT_PRODUCTS_DIR;
		};
		8BB91C17181FB0B500C63DA1 /* QREncoderTest.octest */ = {
			isa = PBXReferenceProxy;
			fileType = wrapper.cfbundle;
			path = QREncoderTest.octest;
			remoteRef = 8BB91C16181FB0B500C63DA1 /* PBXContainerItemProxy */;
			sourceTree = BUILT_PRODUCTS_DIR;
		};
		8BB91C1E181FB0D300C63DA1 /* libZXingWidget.a */ = {
			isa = PBXReferenceProxy;
			fileType = archive.ar;
			path = libZXingWidget.a;
			remoteRef = 8BB91C1D181FB0D300C63DA1 /* PBXContainerItemProxy */;
			sourceTree = BUILT_PRODUCTS_DIR;
		};
		8BB91C20181FB0D300C63DA1 /* ZXingTests.octest */ = {
			isa = PBXReferenceProxy;
			fileType = wrapper.cfbundle;
			path = ZXingTests.octest;
			remoteRef = 8BB91C1F181FB0D300C63DA1 /* PBXContainerItemProxy */;
			sourceTree = BUILT_PRODUCTS_DIR;
		};
/* End PBXReferenceProxy section */

/* Begin PBXResourcesBuildPhase section */
		8BB999DC181FA6D10049AC08 /* Resources */ = {
			isa = PBXResourcesBuildPhase;
			buildActionMask = 2147483647;
			files = (
				8BB999F8181FA6D10049AC08 /* Main_iPad.storyboard in Resources */,
				8BB99A00181FA6D10049AC08 /* Images.xcassets in Resources */,
				8BB91C2C181FB1F200C63DA1 /* Settings.bundle in Resources */,
				8BB999F5181FA6D10049AC08 /* Main_iPhone.storyboard in Resources */,
				8BB999EC181FA6D10049AC08 /* InfoPlist.strings in Resources */,
			);
			runOnlyForDeploymentPostprocessing = 0;
		};
		8BB99A03181FA6D10049AC08 /* Resources */ = {
			isa = PBXResourcesBuildPhase;
			buildActionMask = 2147483647;
			files = (
				8BB99A11181FA6D10049AC08 /* InfoPlist.strings in Resources */,
			);
			runOnlyForDeploymentPostprocessing = 0;
		};
/* End PBXResourcesBuildPhase section */

/* Begin PBXSourcesBuildPhase section */
		8BB999DA181FA6D10049AC08 /* Sources */ = {
			isa = PBXSourcesBuildPhase;
			buildActionMask = 2147483647;
			files = (
				8BB91BF5181FB08700C63DA1 /* IASKSettingsStoreFile.m in Sources */,
				8BB91BF2181FB08700C63DA1 /* IASKSpecifierValuesViewController.m in Sources */,
				8BB91BF9181FB08700C63DA1 /* IASKPSTextFieldSpecifierViewCell.m in Sources */,
				8BB91BF6181FB08700C63DA1 /* IASKSettingsStoreUserDefaults.m in Sources */,
				8BB91BF1181FB08700C63DA1 /* IASKAppSettingsWebViewController.m in Sources */,
				8BB91BFC181FB08700C63DA1 /* IASKSwitch.m in Sources */,
				8BB999EE181FA6D10049AC08 /* main.m in Sources */,
				8BB91BF8181FB08700C63DA1 /* IASKPSSliderSpecifierViewCell.m in Sources */,
				8BB91BF3181FB08700C63DA1 /* IASKSettingsReader.m in Sources */,
				8BB91C0E181FB0A900C63DA1 /* GHRange.m in Sources */,
				8BB999F2181FA6D10049AC08 /* MIADAppDelegate.m in Sources */,
				8BB91BF0181FB08700C63DA1 /* IASKAppSettingsViewController.m in Sources */,
				8BB91BFD181FB08700C63DA1 /* IASKTextField.m in Sources */,
				8BB91C0D181FB0A900C63DA1 /* GHNeighbors.m in Sources */,
				8BB91BF7181FB08700C63DA1 /* IASKSpecifier.m in Sources */,
				8BB91BF4181FB08700C63DA1 /* IASKSettingsStore.m in Sources */,
				8BB91C0C181FB0A900C63DA1 /* GHArea.m in Sources */,
				8BB91BFB181FB08700C63DA1 /* IASKSlider.m in Sources */,
				8BB91C0A181FB0A900C63DA1 /* cgeohash.m in Sources */,
				8BB91BFA181FB08700C63DA1 /* IASKPSTitleValueSpecifierViewCell.m in Sources */,
				8BB91C0B181FB0A900C63DA1 /* GeoHash.m in Sources */,
			);
			runOnlyForDeploymentPostprocessing = 0;
		};
		8BB99A01181FA6D10049AC08 /* Sources */ = {
			isa = PBXSourcesBuildPhase;
			buildActionMask = 2147483647;
			files = (
				8BB99A13181FA6D10049AC08 /* MiataruTests.m in Sources */,
			);
			runOnlyForDeploymentPostprocessing = 0;
		};
/* End PBXSourcesBuildPhase section */

/* Begin PBXTargetDependency section */
		8BB99A0B181FA6D10049AC08 /* PBXTargetDependency */ = {
			isa = PBXTargetDependency;
			target = 8BB999DD181FA6D10049AC08 /* Miataru */;
			targetProxy = 8BB99A0A181FA6D10049AC08 /* PBXContainerItemProxy */;
		};
/* End PBXTargetDependency section */

/* Begin PBXVariantGroup section */
		8BB999EA181FA6D10049AC08 /* InfoPlist.strings */ = {
			isa = PBXVariantGroup;
			children = (
				8BB999EB181FA6D10049AC08 /* en */,
			);
			name = InfoPlist.strings;
			sourceTree = "<group>";
		};
		8BB999F3181FA6D10049AC08 /* Main_iPhone.storyboard */ = {
			isa = PBXVariantGroup;
			children = (
				8BB999F4181FA6D10049AC08 /* Base */,
			);
			name = Main_iPhone.storyboard;
			sourceTree = "<group>";
		};
		8BB999F6181FA6D10049AC08 /* Main_iPad.storyboard */ = {
			isa = PBXVariantGroup;
			children = (
				8BB999F7181FA6D10049AC08 /* Base */,
			);
			name = Main_iPad.storyboard;
			sourceTree = "<group>";
		};
		8BB99A0F181FA6D10049AC08 /* InfoPlist.strings */ = {
			isa = PBXVariantGroup;
			children = (
				8BB99A10181FA6D10049AC08 /* en */,
			);
			name = InfoPlist.strings;
			sourceTree = "<group>";
		};
/* End PBXVariantGroup section */

/* Begin XCBuildConfiguration section */
		8BB99A14181FA6D10049AC08 /* Debug */ = {
			isa = XCBuildConfiguration;
			buildSettings = {
				ALWAYS_SEARCH_USER_PATHS = NO;
				ARCHS = "$(ARCHS_STANDARD_INCLUDING_64_BIT)";
				CLANG_CXX_LANGUAGE_STANDARD = "gnu++0x";
				CLANG_CXX_LIBRARY = "libc++";
				CLANG_ENABLE_MODULES = YES;
				CLANG_ENABLE_OBJC_ARC = YES;
				CLANG_WARN_BOOL_CONVERSION = YES;
				CLANG_WARN_CONSTANT_CONVERSION = YES;
				CLANG_WARN_DIRECT_OBJC_ISA_USAGE = YES_ERROR;
				CLANG_WARN_EMPTY_BODY = YES;
				CLANG_WARN_ENUM_CONVERSION = YES;
				CLANG_WARN_INT_CONVERSION = YES;
				CLANG_WARN_OBJC_ROOT_CLASS = YES_ERROR;
				CLANG_WARN__DUPLICATE_METHOD_MATCH = YES;
				"CODE_SIGN_IDENTITY[sdk=iphoneos*]" = "iPhone Developer";
				COPY_PHASE_STRIP = NO;
				GCC_C_LANGUAGE_STANDARD = gnu99;
				GCC_DYNAMIC_NO_PIC = NO;
				GCC_OPTIMIZATION_LEVEL = 0;
				GCC_PREPROCESSOR_DEFINITIONS = (
					"DEBUG=1",
					"$(inherited)",
				);
				GCC_SYMBOLS_PRIVATE_EXTERN = NO;
				GCC_WARN_64_TO_32_BIT_CONVERSION = YES;
				GCC_WARN_ABOUT_RETURN_TYPE = YES_ERROR;
				GCC_WARN_UNDECLARED_SELECTOR = YES;
				GCC_WARN_UNINITIALIZED_AUTOS = YES;
				GCC_WARN_UNUSED_FUNCTION = YES;
				GCC_WARN_UNUSED_VARIABLE = YES;
				IPHONEOS_DEPLOYMENT_TARGET = 7.0;
				ONLY_ACTIVE_ARCH = YES;
				SDKROOT = iphoneos;
				TARGETED_DEVICE_FAMILY = "1,2";
			};
			name = Debug;
		};
		8BB99A15181FA6D10049AC08 /* Release */ = {
			isa = XCBuildConfiguration;
			buildSettings = {
				ALWAYS_SEARCH_USER_PATHS = NO;
				ARCHS = "$(ARCHS_STANDARD_INCLUDING_64_BIT)";
				CLANG_CXX_LANGUAGE_STANDARD = "gnu++0x";
				CLANG_CXX_LIBRARY = "libc++";
				CLANG_ENABLE_MODULES = YES;
				CLANG_ENABLE_OBJC_ARC = YES;
				CLANG_WARN_BOOL_CONVERSION = YES;
				CLANG_WARN_CONSTANT_CONVERSION = YES;
				CLANG_WARN_DIRECT_OBJC_ISA_USAGE = YES_ERROR;
				CLANG_WARN_EMPTY_BODY = YES;
				CLANG_WARN_ENUM_CONVERSION = YES;
				CLANG_WARN_INT_CONVERSION = YES;
				CLANG_WARN_OBJC_ROOT_CLASS = YES_ERROR;
				CLANG_WARN__DUPLICATE_METHOD_MATCH = YES;
				"CODE_SIGN_IDENTITY[sdk=iphoneos*]" = "iPhone Developer";
				COPY_PHASE_STRIP = YES;
				ENABLE_NS_ASSERTIONS = NO;
				GCC_C_LANGUAGE_STANDARD = gnu99;
				GCC_WARN_64_TO_32_BIT_CONVERSION = YES;
				GCC_WARN_ABOUT_RETURN_TYPE = YES_ERROR;
				GCC_WARN_UNDECLARED_SELECTOR = YES;
				GCC_WARN_UNINITIALIZED_AUTOS = YES;
				GCC_WARN_UNUSED_FUNCTION = YES;
				GCC_WARN_UNUSED_VARIABLE = YES;
				IPHONEOS_DEPLOYMENT_TARGET = 7.0;
				SDKROOT = iphoneos;
				TARGETED_DEVICE_FAMILY = "1,2";
				VALIDATE_PRODUCT = YES;
			};
			name = Release;
		};
		8BB99A17181FA6D10049AC08 /* Debug */ = {
			isa = XCBuildConfiguration;
			buildSettings = {
				ASSETCATALOG_COMPILER_APPICON_NAME = AppIcon;
				ASSETCATALOG_COMPILER_LAUNCHIMAGE_NAME = LaunchImage;
				CODE_SIGN_IDENTITY = "iPhone Developer";
				GCC_PRECOMPILE_PREFIX_HEADER = YES;
				GCC_PREFIX_HEADER = "Miataru/Miataru-Prefix.pch";
				INFOPLIST_FILE = "Miataru/Miataru-Info.plist";
				PRODUCT_NAME = "$(TARGET_NAME)";
				WRAPPER_EXTENSION = app;
			};
			name = Debug;
		};
		8BB99A18181FA6D10049AC08 /* Release */ = {
			isa = XCBuildConfiguration;
			buildSettings = {
				ASSETCATALOG_COMPILER_APPICON_NAME = AppIcon;
				ASSETCATALOG_COMPILER_LAUNCHIMAGE_NAME = LaunchImage;
				CODE_SIGN_IDENTITY = "iPhone Developer";
				GCC_PRECOMPILE_PREFIX_HEADER = YES;
				GCC_PREFIX_HEADER = "Miataru/Miataru-Prefix.pch";
				INFOPLIST_FILE = "Miataru/Miataru-Info.plist";
				PRODUCT_NAME = "$(TARGET_NAME)";
				WRAPPER_EXTENSION = app;
			};
			name = Release;
		};
		8BB99A1A181FA6D10049AC08 /* Debug */ = {
			isa = XCBuildConfiguration;
			buildSettings = {
				ARCHS = "$(ARCHS_STANDARD_INCLUDING_64_BIT)";
				BUNDLE_LOADER = "$(BUILT_PRODUCTS_DIR)/Miataru.app/Miataru";
				FRAMEWORK_SEARCH_PATHS = (
					"$(SDKROOT)/Developer/Library/Frameworks",
					"$(inherited)",
					"$(DEVELOPER_FRAMEWORKS_DIR)",
				);
				GCC_PRECOMPILE_PREFIX_HEADER = YES;
				GCC_PREFIX_HEADER = "Miataru/Miataru-Prefix.pch";
				GCC_PREPROCESSOR_DEFINITIONS = (
					"DEBUG=1",
					"$(inherited)",
				);
				INFOPLIST_FILE = "MiataruTests/MiataruTests-Info.plist";
				PRODUCT_NAME = "$(TARGET_NAME)";
				TEST_HOST = "$(BUNDLE_LOADER)";
				WRAPPER_EXTENSION = xctest;
			};
			name = Debug;
		};
		8BB99A1B181FA6D10049AC08 /* Release */ = {
			isa = XCBuildConfiguration;
			buildSettings = {
				ARCHS = "$(ARCHS_STANDARD_INCLUDING_64_BIT)";
				BUNDLE_LOADER = "$(BUILT_PRODUCTS_DIR)/Miataru.app/Miataru";
				FRAMEWORK_SEARCH_PATHS = (
					"$(SDKROOT)/Developer/Library/Frameworks",
					"$(inherited)",
					"$(DEVELOPER_FRAMEWORKS_DIR)",
				);
				GCC_PRECOMPILE_PREFIX_HEADER = YES;
				GCC_PREFIX_HEADER = "Miataru/Miataru-Prefix.pch";
				INFOPLIST_FILE = "MiataruTests/MiataruTests-Info.plist";
				PRODUCT_NAME = "$(TARGET_NAME)";
				TEST_HOST = "$(BUNDLE_LOADER)";
				WRAPPER_EXTENSION = xctest;
			};
			name = Release;
		};
/* End XCBuildConfiguration section */

/* Begin XCConfigurationList section */
		8BB999D9181FA6D10049AC08 /* Build configuration list for PBXProject "Miataru" */ = {
			isa = XCConfigurationList;
			buildConfigurations = (
				8BB99A14181FA6D10049AC08 /* Debug */,
				8BB99A15181FA6D10049AC08 /* Release */,
			);
			defaultConfigurationIsVisible = 0;
			defaultConfigurationName = Release;
		};
		8BB99A16181FA6D10049AC08 /* Build configuration list for PBXNativeTarget "Miataru" */ = {
			isa = XCConfigurationList;
			buildConfigurations = (
				8BB99A17181FA6D10049AC08 /* Debug */,
				8BB99A18181FA6D10049AC08 /* Release */,
			);
			defaultConfigurationIsVisible = 0;
			defaultConfigurationName = Release;
		};
		8BB99A19181FA6D10049AC08 /* Build configuration list for PBXNativeTarget "MiataruTests" */ = {
			isa = XCConfigurationList;
			buildConfigurations = (
				8BB99A1A181FA6D10049AC08 /* Debug */,
				8BB99A1B181FA6D10049AC08 /* Release */,
			);
			defaultConfigurationIsVisible = 0;
			defaultConfigurationName = Release;
		};
/* End XCConfigurationList section */
	};
	rootObject = 8BB999D6181FA6D10049AC08 /* Project object */;
}
