{
  "originHash" : "8f5b3c8fd0aafc68fa7f2b43d951c4b9dad3da2dd7cd3bac93ae511e370182c4",
  "pins" : [
    {
      "identity" : "swift-qrcode-generator",
      "kind" : "remoteSourceControl",
      "location" : "https://github.com/dagronf/swift-qrcode-generator",
      "state" : {
        "revision" : "2b1980b825f08a81ccc762b0c4d17fcde9d5e953",
        "version" : "2.0.2"
      }
    },
    {
      "identity" : "swiftimagereadwrite",
      "kind" : "remoteSourceControl",
      "location" : "https://github.com/dagronf/SwiftImageReadWrite",
      "state" : {
        "revision" : "42ace2412279f18bc264bc306e96b51c36e12a33",
        "version" : "1.9.2"
      }
    }
  ],
  "version" : 3
}
