// !$*UTF8*$!
{
	archiveVersion = 1;
	classes = {
	};
	objectVersion = 77;
	objects = {

/* Begin PBXBuildFile section */
		8B21FBFD2F365F5D0031F9C6 /* AnimatedPolylineKit in Frameworks */ = {isa = PBXBuildFile; productRef = 8B21FBFC2F365F5D0031F9C6 /* AnimatedPolylineKit */; };
/* End PBXBuildFile section */

/* Begin PBXContainerItemProxy section */
		8B21FAA12F3649D20031F9C6 /* PBXContainerItemProxy */ = {
			isa = PBXContainerItemProxy;
			containerPortal = 8B21FA8B2F3649D00031F9C6 /* Project object */;
			proxyType = 1;
			remoteGlobalIDString = 8B21FA922F3649D00031F9C6;
			remoteInfo = AnimatedMapPolyline;
		};
		8B21FAAB2F3649D20031F9C6 /* PBXContainerItemProxy */ = {
			isa = PBXContainerItemProxy;
			containerPortal = 8B21FA8B2F3649D00031F9C6 /* Project object */;
			proxyType = 1;
			remoteGlobalIDString = 8B21FA922F3649D00031F9C6;
			remoteInfo = AnimatedMapPolyline;
		};
/* End PBXContainerItemProxy section */

/* Begin PBXFileReference section */
		8B21FA932F3649D00031F9C6 /* AnimatedMapPolyline.app */ = {isa = PBXFileReference; explicitFileType = wrapper.application; includeInIndex = 0; path = AnimatedMapPolyline.app; sourceTree = BUILT_PRODUCTS_DIR; };
		8B21FAA02F3649D20031F9C6 /* AnimatedMapPolylineTests.xctest */ = {isa = PBXFileReference; explicitFileType = wrapper.cfbundle; includeInIndex = 0; path = AnimatedMapPolylineTests.xctest; sourceTree = BUILT_PRODUCTS_DIR; };
		8B21FAAA2F3649D20031F9C6 /* AnimatedMapPolylineUITests.xctest */ = {isa = PBXFileReference; explicitFileType = wrapper.cfbundle; includeInIndex = 0; path = AnimatedMapPolylineUITests.xctest; sourceTree = BUILT_PRODUCTS_DIR; };
/* End PBXFileReference section */

/* Begin PBXFileSystemSynchronizedBuildFileExceptionSet section */
		8B21FBFA2F365F520031F9C6 /* Exceptions for "AnimatedMapPolyline" folder in "AnimatedMapPolyline" target */ = {
			isa = PBXFileSystemSynchronizedBuildFileExceptionSet;
			membershipExceptions = (
				Info.plist,
			);
			target = 8B21FA922F3649D00031F9C6 /* AnimatedMapPolyline */;
		};
/* End PBXFileSystemSynchronizedBuildFileExceptionSet section */

/* Begin PBXFileSystemSynchronizedRootGroup section */
		8B21FA952F3649D00031F9C6 /* AnimatedMapPolyline */ = {
			isa = PBXFileSystemSynchronizedRootGroup;
			exceptions = (
				8B21FBFA2F365F520031F9C6 /* Exceptions for "AnimatedMapPolyline" folder in "AnimatedMapPolyline" target */,
			);
			path = AnimatedMapPolyline;
			sourceTree = "<group>";
		};
/* End PBXFileSystemSynchronizedRootGroup section */

/* Begin PBXFrameworksBuildPhase section */
		8B21FA902F3649D00031F9C6 /* Frameworks */ = {
			isa = PBXFrameworksBuildPhase;
			buildActionMask = 2147483647;
			files = (
				8B21FBFD2F365F5D0031F9C6 /* AnimatedPolylineKit in Frameworks */,
			);
			runOnlyForDeploymentPostprocessing = 0;
		};
		8B21FA9D2F3649D20031F9C6 /* Frameworks */ = {
			isa = PBXFrameworksBuildPhase;
			buildActionMask = 2147483647;
			files = (
			);
			runOnlyForDeploymentPostprocessing = 0;
		};
		8B21FAA72F3649D20031F9C6 /* Frameworks */ = {
			isa = PBXFrameworksBuildPhase;
			buildActionMask = 2147483647;
			files = (
			);
			runOnlyForDeploymentPostprocessing = 0;
		};
/* End PBXFrameworksBuildPhase section */

/* Begin PBXGroup section */
		8B21FA8A2F3649D00031F9C6 = {
			isa = PBXGroup;
			children = (
				8B21FA952F3649D00031F9C6 /* AnimatedMapPolyline */,
				8B21FBFB2F365F5D0031F9C6 /* Frameworks */,
				8B21FA942F3649D00031F9C6 /* Products */,
			);
			sourceTree = "<group>";
		};
		8B21FA942F3649D00031F9C6 /* Products */ = {
			isa = PBXGroup;
			children = (
				8B21FA932F3649D00031F9C6 /* AnimatedMapPolyline.app */,
				8B21FAA02F3649D20031F9C6 /* AnimatedMapPolylineTests.xctest */,
				8B21FAAA2F3649D20031F9C6 /* AnimatedMapPolylineUITests.xctest */,
			);
			name = Products;
			sourceTree = "<group>";
		};
		8B21FBFB2F365F5D0031F9C6 /* Frameworks */ = {
			isa = PBXGroup;
			children = (
			);
			name = Frameworks;
			sourceTree = "<group>";
		};
/* End PBXGroup section */

/* Begin PBXNativeTarget section */
		8B21FA922F3649D00031F9C6 /* AnimatedMapPolyline */ = {
			isa = PBXNativeTarget;
			buildConfigurationList = 8B21FAB42F3649D20031F9C6 /* Build configuration list for PBXNativeTarget "AnimatedMapPolyline" */;
			buildPhases = (
				8B21FA8F2F3649D00031F9C6 /* Sources */,
				8B21FA902F3649D00031F9C6 /* Frameworks */,
				8B21FA912F3649D00031F9C6 /* Resources */,
			);
			buildRules = (
			);
			dependencies = (
			);
			fileSystemSynchronizedGroups = (
				8B21FA952F3649D00031F9C6 /* AnimatedMapPolyline */,
			);
			name = AnimatedMapPolyline;
			packageProductDependencies = (
				8B21FBFC2F365F5D0031F9C6 /* AnimatedPolylineKit */,
			);
			productName = AnimatedMapPolyline;
			productReference = 8B21FA932F3649D00031F9C6 /* AnimatedMapPolyline.app */;
			productType = "com.apple.product-type.application";
		};
		8B21FA9F2F3649D20031F9C6 /* AnimatedMapPolylineTests */ = {
			isa = PBXNativeTarget;
			buildConfigurationList = 8B21FAB72F3649D20031F9C6 /* Build configuration list for PBXNativeTarget "AnimatedMapPolylineTests" */;
			buildPhases = (
				8B21FA9C2F3649D20031F9C6 /* Sources */,
				8B21FA9D2F3649D20031F9C6 /* Frameworks */,
				8B21FA9E2F3649D20031F9C6 /* Resources */,
			);
			buildRules = (
			);
			dependencies = (
				8B21FAA22F3649D20031F9C6 /* PBXTargetDependency */,
			);
			name = AnimatedMapPolylineTests;
			packageProductDependencies = (
			);
			productName = AnimatedMapPolylineTests;
			productReference = 8B21FAA02F3649D20031F9C6 /* AnimatedMapPolylineTests.xctest */;
			productType = "com.apple.product-type.bundle.unit-test";
		};
		8B21FAA92F3649D20031F9C6 /* AnimatedMapPolylineUITests */ = {
			isa = PBXNativeTarget;
			buildConfigurationList = 8B21FABA2F3649D20031F9C6 /* Build configuration list for PBXNativeTarget "AnimatedMapPolylineUITests" */;
			buildPhases = (
				8B21FAA62F3649D20031F9C6 /* Sources */,
				8B21FAA72F3649D20031F9C6 /* Frameworks */,
				8B21FAA82F3649D20031F9C6 /* Resources */,
			);
			buildRules = (
			);
			dependencies = (
				8B21FAAC2F3649D20031F9C6 /* PBXTargetDependency */,
			);
			name = AnimatedMapPolylineUITests;
			packageProductDependencies = (
			);
			productName = AnimatedMapPolylineUITests;
			productReference = 8B21FAAA2F3649D20031F9C6 /* AnimatedMapPolylineUITests.xctest */;
			productType = "com.apple.product-type.bundle.ui-testing";
		};
/* End PBXNativeTarget section */

/* Begin PBXProject section */
		8B21FA8B2F3649D00031F9C6 /* Project object */ = {
			isa = PBXProject;
			attributes = {
				BuildIndependentTargetsInParallel = 1;
				LastSwiftUpdateCheck = 2620;
				LastUpgradeCheck = 2620;
				TargetAttributes = {
					8B21FA922F3649D00031F9C6 = {
						CreatedOnToolsVersion = 26.2;
					};
					8B21FA9F2F3649D20031F9C6 = {
						CreatedOnToolsVersion = 26.2;
						TestTargetID = 8B21FA922F3649D00031F9C6;
					};
					8B21FAA92F3649D20031F9C6 = {
						CreatedOnToolsVersion = 26.2;
						TestTargetID = 8B21FA922F3649D00031F9C6;
					};
				};
			};
			buildConfigurationList = 8B21FA8E2F3649D00031F9C6 /* Build configuration list for PBXProject "AnimatedMapPolyline" */;
			developmentRegion = en;
			hasScannedForEncodings = 0;
			knownRegions = (
				en,
				Base,
			);
			mainGroup = 8B21FA8A2F3649D00031F9C6;
			minimizedProjectReferenceProxies = 1;
			packageReferences = (
				8B21FBF82F365E9D0031F9C6 /* XCLocalSwiftPackageReference "../../AnimatedPolylineKit" */,
			);
			preferredProjectObjectVersion = 77;
			productRefGroup = 8B21FA942F3649D00031F9C6 /* Products */;
			projectDirPath = "";
			projectRoot = "";
			targets = (
				8B21FA922F3649D00031F9C6 /* AnimatedMapPolyline */,
				8B21FA9F2F3649D20031F9C6 /* AnimatedMapPolylineTests */,
				8B21FAA92F3649D20031F9C6 /* AnimatedMapPolylineUITests */,
			);
		};
/* End PBXProject section */

/* Begin PBXResourcesBuildPhase section */
		8B21FA912F3649D00031F9C6 /* Resources */ = {
			isa = PBXResourcesBuildPhase;
			buildActionMask = 2147483647;
			files = (
			);
			runOnlyForDeploymentPostprocessing = 0;
		};
		8B21FA9E2F3649D20031F9C6 /* Resources */ = {
			isa = PBXResourcesBuildPhase;
			buildActionMask = 2147483647;
			files = (
			);
			runOnlyForDeploymentPostprocessing = 0;
		};
		8B21FAA82F3649D20031F9C6 /* Resources */ = {
			isa = PBXResourcesBuildPhase;
			buildActionMask = 2147483647;
			files = (
			);
			runOnlyForDeploymentPostprocessing = 0;
		};
/* End PBXResourcesBuildPhase section */

/* Begin PBXSourcesBuildPhase section */
		8B21FA8F2F3649D00031F9C6 /* Sources */ = {
			isa = PBXSourcesBuildPhase;
			buildActionMask = 2147483647;
			files = (
			);
			runOnlyForDeploymentPostprocessing = 0;
		};
		8B21FA9C2F3649D20031F9C6 /* Sources */ = {
			isa = PBXSourcesBuildPhase;
			buildActionMask = 2147483647;
			files = (
			);
			runOnlyForDeploymentPostprocessing = 0;
		};
		8B21FAA62F3649D20031F9C6 /* Sources */ = {
			isa = PBXSourcesBuildPhase;
			buildActionMask = 2147483647;
			files = (
			);
			runOnlyForDeploymentPostprocessing = 0;
		};
/* End PBXSourcesBuildPhase section */

/* Begin PBXTargetDependency section */
		8B21FAA22F3649D20031F9C6 /* PBXTargetDependency */ = {
			isa = PBXTargetDependency;
			target = 8B21FA922F3649D00031F9C6 /* AnimatedMapPolyline */;
			targetProxy = 8B21FAA12F3649D20031F9C6 /* PBXContainerItemProxy */;
		};
		8B21FAAC2F3649D20031F9C6 /* PBXTargetDependency */ = {
			isa = PBXTargetDependency;
			target = 8B21FA922F3649D00031F9C6 /* AnimatedMapPolyline */;
			targetProxy = 8B21FAAB2F3649D20031F9C6 /* PBXContainerItemProxy */;
		};
/* End PBXTargetDependency section */

/* Begin XCBuildConfiguration section */
		8B21FAB22F3649D20031F9C6 /* Debug */ = {
			isa = XCBuildConfiguration;
			buildSettings = {
				ALWAYS_SEARCH_USER_PATHS = NO;
				ASSETCATALOG_COMPILER_GENERATE_SWIFT_ASSET_SYMBOL_EXTENSIONS = YES;
				CLANG_ANALYZER_NONNULL = YES;
				CLANG_ANALYZER_NUMBER_OBJECT_CONVERSION = YES_AGGRESSIVE;
				CLANG_CXX_LANGUAGE_STANDARD = "gnu++20";
				CLANG_ENABLE_MODULES = YES;
				CLANG_ENABLE_OBJC_ARC = YES;
				CLANG_ENABLE_OBJC_WEAK = YES;
				CLANG_WARN_BLOCK_CAPTURE_AUTORELEASING = YES;
				CLANG_WARN_BOOL_CONVERSION = YES;
				CLANG_WARN_COMMA = YES;
				CLANG_WARN_CONSTANT_CONVERSION = YES;
				CLANG_WARN_DEPRECATED_OBJC_IMPLEMENTATIONS = YES;
				CLANG_WARN_DIRECT_OBJC_ISA_USAGE = YES_ERROR;
				CLANG_WARN_DOCUMENTATION_COMMENTS = YES;
				CLANG_WARN_EMPTY_BODY = YES;
				CLANG_WARN_ENUM_CONVERSION = YES;
				CLANG_WARN_INFINITE_RECURSION = YES;
				CLANG_WARN_INT_CONVERSION = YES;
				CLANG_WARN_NON_LITERAL_NULL_CONVERSION = YES;
				CLANG_WARN_OBJC_IMPLICIT_RETAIN_SELF = YES;
				CLANG_WARN_OBJC_LITERAL_CONVERSION = YES;
				CLANG_WARN_OBJC_ROOT_CLASS = YES_ERROR;
				CLANG_WARN_QUOTED_INCLUDE_IN_FRAMEWORK_HEADER = YES;
				CLANG_WARN_RANGE_LOOP_ANALYSIS = YES;
				CLANG_WARN_STRICT_PROTOTYPES = YES;
				CLANG_WARN_SUSPICIOUS_MOVE = YES;
				CLANG_WARN_UNGUARDED_AVAILABILITY = YES_AGGRESSIVE;
				CLANG_WARN_UNREACHABLE_CODE = YES;
				CLANG_WARN__DUPLICATE_METHOD_MATCH = YES;
				COPY_PHASE_STRIP = NO;
				DEBUG_INFORMATION_FORMAT = dwarf;
				DEVELOPMENT_TEAM = X7H5D9Q5T4;
				ENABLE_STRICT_OBJC_MSGSEND = YES;
				ENABLE_TESTABILITY = YES;
				ENABLE_USER_SCRIPT_SANDBOXING = YES;
				GCC_C_LANGUAGE_STANDARD = gnu17;
				GCC_DYNAMIC_NO_PIC = NO;
				GCC_NO_COMMON_BLOCKS = YES;
				GCC_OPTIMIZATION_LEVEL = 0;
				GCC_PREPROCESSOR_DEFINITIONS = (
					"DEBUG=1",
					"$(inherited)",
				);
				GCC_WARN_64_TO_32_BIT_CONVERSION = YES;
				GCC_WARN_ABOUT_RETURN_TYPE = YES_ERROR;
				GCC_WARN_UNDECLARED_SELECTOR = YES;
				GCC_WARN_UNINITIALIZED_AUTOS = YES_AGGRESSIVE;
				GCC_WARN_UNUSED_FUNCTION = YES;
				GCC_WARN_UNUSED_VARIABLE = YES;
				IPHONEOS_DEPLOYMENT_TARGET = 26.2;
				LOCALIZATION_PREFERS_STRING_CATALOGS = YES;
				MTL_ENABLE_DEBUG_INFO = INCLUDE_SOURCE;
				MTL_FAST_MATH = YES;
				ONLY_ACTIVE_ARCH = YES;
				SDKROOT = iphoneos;
				SWIFT_ACTIVE_COMPILATION_CONDITIONS = "DEBUG $(inherited)";
				SWIFT_OPTIMIZATION_LEVEL = "-Onone";
			};
			name = Debug;
		};
		8B21FAB32F3649D20031F9C6 /* Release */ = {
			isa = XCBuildConfiguration;
			buildSettings = {
				ALWAYS_SEARCH_USER_PATHS = NO;
				ASSETCATALOG_COMPILER_GENERATE_SWIFT_ASSET_SYMBOL_EXTENSIONS = YES;
				CLANG_ANALYZER_NONNULL = YES;
				CLANG_ANALYZER_NUMBER_OBJECT_CONVERSION = YES_AGGRESSIVE;
				CLANG_CXX_LANGUAGE_STANDARD = "gnu++20";
				CLANG_ENABLE_MODULES = YES;
				CLANG_ENABLE_OBJC_ARC = YES;
				CLANG_ENABLE_OBJC_WEAK = YES;
				CLANG_WARN_BLOCK_CAPTURE_AUTORELEASING = YES;
				CLANG_WARN_BOOL_CONVERSION = YES;
				CLANG_WARN_COMMA = YES;
				CLANG_WARN_CONSTANT_CONVERSION = YES;
				CLANG_WARN_DEPRECATED_OBJC_IMPLEMENTATIONS = YES;
				CLANG_WARN_DIRECT_OBJC_ISA_USAGE = YES_ERROR;
				CLANG_WARN_DOCUMENTATION_COMMENTS = YES;
				CLANG_WARN_EMPTY_BODY = YES;
				CLANG_WARN_ENUM_CONVERSION = YES;
				CLANG_WARN_INFINITE_RECURSION = YES;
				CLANG_WARN_INT_CONVERSION = YES;
				CLANG_WARN_NON_LITERAL_NULL_CONVERSION = YES;
				CLANG_WARN_OBJC_IMPLICIT_RETAIN_SELF = YES;
				CLANG_WARN_OBJC_LITERAL_CONVERSION = YES;
				CLANG_WARN_OBJC_ROOT_CLASS = YES_ERROR;
				CLANG_WARN_QUOTED_INCLUDE_IN_FRAMEWORK_HEADER = YES;
				CLANG_WARN_RANGE_LOOP_ANALYSIS = YES;
				CLANG_WARN_STRICT_PROTOTYPES = YES;
				CLANG_WARN_SUSPICIOUS_MOVE = YES;
				CLANG_WARN_UNGUARDED_AVAILABILITY = YES_AGGRESSIVE;
				CLANG_WARN_UNREACHABLE_CODE = YES;
				CLANG_WARN__DUPLICATE_METHOD_MATCH = YES;
				COPY_PHASE_STRIP = NO;
				DEBUG_INFORMATION_FORMAT = "dwarf-with-dsym";
				DEVELOPMENT_TEAM = X7H5D9Q5T4;
				ENABLE_NS_ASSERTIONS = NO;
				ENABLE_STRICT_OBJC_MSGSEND = YES;
				ENABLE_USER_SCRIPT_SANDBOXING = YES;
				GCC_C_LANGUAGE_STANDARD = gnu17;
				GCC_NO_COMMON_BLOCKS = YES;
				GCC_WARN_64_TO_32_BIT_CONVERSION = YES;
				GCC_WARN_ABOUT_RETURN_TYPE = YES_ERROR;
				GCC_WARN_UNDECLARED_SELECTOR = YES;
				GCC_WARN_UNINITIALIZED_AUTOS = YES_AGGRESSIVE;
				GCC_WARN_UNUSED_FUNCTION = YES;
				GCC_WARN_UNUSED_VARIABLE = YES;
				IPHONEOS_DEPLOYMENT_TARGET = 26.2;
				LOCALIZATION_PREFERS_STRING_CATALOGS = YES;
				MTL_ENABLE_DEBUG_INFO = NO;
				MTL_FAST_MATH = YES;
				SDKROOT = iphoneos;
				SWIFT_COMPILATION_MODE = wholemodule;
				VALIDATE_PRODUCT = YES;
			};
			name = Release;
		};
		8B21FAB52F3649D20031F9C6 /* Debug */ = {
			isa = XCBuildConfiguration;
			buildSettings = {
				ASSETCATALOG_COMPILER_APPICON_NAME = AppIcon;
				ASSETCATALOG_COMPILER_GLOBAL_ACCENT_COLOR_NAME = AccentColor;
				CODE_SIGN_STYLE = Automatic;
				CURRENT_PROJECT_VERSION = 1;
				DEVELOPMENT_TEAM = X7H5D9Q5T4;
				ENABLE_PREVIEWS = YES;
				GENERATE_INFOPLIST_FILE = YES;
				INFOPLIST_FILE = AnimatedMapPolyline/Info.plist;
				INFOPLIST_KEY_UIApplicationSceneManifest_Generation = YES;
				INFOPLIST_KEY_UIApplicationSupportsIndirectInputEvents = YES;
				INFOPLIST_KEY_UILaunchScreen_Generation = YES;
				INFOPLIST_KEY_UISupportedInterfaceOrientations_iPad = "UIInterfaceOrientationPortrait UIInterfaceOrientationPortraitUpsideDown UIInterfaceOrientationLandscapeLeft UIInterfaceOrientationLandscapeRight";
				INFOPLIST_KEY_UISupportedInterfaceOrientations_iPhone = "UIInterfaceOrientationPortrait UIInterfaceOrientationLandscapeLeft UIInterfaceOrientationLandscapeRight";
				LD_RUNPATH_SEARCH_PATHS = (
					"$(inherited)",
					"@executable_path/Frameworks",
				);
				MARKETING_VERSION = 1.0;
				PRODUCT_BUNDLE_IDENTIFIER = de.kirstenpfad.AnimatedMapPolyline;
				PRODUCT_NAME = "$(TARGET_NAME)";
				STRING_CATALOG_GENERATE_SYMBOLS = YES;
				SWIFT_APPROACHABLE_CONCURRENCY = YES;
				SWIFT_DEFAULT_ACTOR_ISOLATION = MainActor;
				SWIFT_EMIT_LOC_STRINGS = YES;
				SWIFT_UPCOMING_FEATURE_MEMBER_IMPORT_VISIBILITY = YES;
				SWIFT_VERSION = 5.0;
				TARGETED_DEVICE_FAMILY = "1,2";
			};
			name = Debug;
		};
		8B21FAB62F3649D20031F9C6 /* Release */ = {
			isa = XCBuildConfiguration;
			buildSettings = {
				ASSETCATALOG_COMPILER_APPICON_NAME = AppIcon;
				ASSETCATALOG_COMPILER_GLOBAL_ACCENT_COLOR_NAME = AccentColor;
				CODE_SIGN_STYLE = Automatic;
				CURRENT_PROJECT_VERSION = 1;
				DEVELOPMENT_TEAM = X7H5D9Q5T4;
				ENABLE_PREVIEWS = YES;
				GENERATE_INFOPLIST_FILE = YES;
				INFOPLIST_FILE = AnimatedMapPolyline/Info.plist;
				INFOPLIST_KEY_UIApplicationSceneManifest_Generation = YES;
				INFOPLIST_KEY_UIApplicationSupportsIndirectInputEvents = YES;
				INFOPLIST_KEY_UILaunchScreen_Generation = YES;
				INFOPLIST_KEY_UISupportedInterfaceOrientations_iPad = "UIInterfaceOrientationPortrait UIInterfaceOrientationPortraitUpsideDown UIInterfaceOrientationLandscapeLeft UIInterfaceOrientationLandscapeRight";
				INFOPLIST_KEY_UISupportedInterfaceOrientations_iPhone = "UIInterfaceOrientationPortrait UIInterfaceOrientationLandscapeLeft UIInterfaceOrientationLandscapeRight";
				LD_RUNPATH_SEARCH_PATHS = (
					"$(inherited)",
					"@executable_path/Frameworks",
				);
				MARKETING_VERSION = 1.0;
				PRODUCT_BUNDLE_IDENTIFIER = de.kirstenpfad.AnimatedMapPolyline;
				PRODUCT_NAME = "$(TARGET_NAME)";
				STRING_CATALOG_GENERATE_SYMBOLS = YES;
				SWIFT_APPROACHABLE_CONCURRENCY = YES;
				SWIFT_DEFAULT_ACTOR_ISOLATION = MainActor;
				SWIFT_EMIT_LOC_STRINGS = YES;
				SWIFT_UPCOMING_FEATURE_MEMBER_IMPORT_VISIBILITY = YES;
				SWIFT_VERSION = 5.0;
				TARGETED_DEVICE_FAMILY = "1,2";
			};
			name = Release;
		};
		8B21FAB82F3649D20031F9C6 /* Debug */ = {
			isa = XCBuildConfiguration;
			buildSettings = {
				BUNDLE_LOADER = "$(TEST_HOST)";
				CODE_SIGN_STYLE = Automatic;
				CURRENT_PROJECT_VERSION = 1;
				DEVELOPMENT_TEAM = X7H5D9Q5T4;
				GENERATE_INFOPLIST_FILE = YES;
				IPHONEOS_DEPLOYMENT_TARGET = 26.2;
				MARKETING_VERSION = 1.0;
				PRODUCT_BUNDLE_IDENTIFIER = de.kirstenpfad.AnimatedMapPolylineTests;
				PRODUCT_NAME = "$(TARGET_NAME)";
				STRING_CATALOG_GENERATE_SYMBOLS = NO;
				SWIFT_APPROACHABLE_CONCURRENCY = YES;
				SWIFT_EMIT_LOC_STRINGS = NO;
				SWIFT_UPCOMING_FEATURE_MEMBER_IMPORT_VISIBILITY = YES;
				SWIFT_VERSION = 5.0;
				TARGETED_DEVICE_FAMILY = "1,2";
				TEST_HOST = "$(BUILT_PRODUCTS_DIR)/AnimatedMapPolyline.app/$(BUNDLE_EXECUTABLE_FOLDER_PATH)/AnimatedMapPolyline";
			};
			name = Debug;
		};
		8B21FAB92F3649D20031F9C6 /* Release */ = {
			isa = XCBuildConfiguration;
			buildSettings = {
				BUNDLE_LOADER = "$(TEST_HOST)";
				CODE_SIGN_STYLE = Automatic;
				CURRENT_PROJECT_VERSION = 1;
				DEVELOPMENT_TEAM = X7H5D9Q5T4;
				GENERATE_INFOPLIST_FILE = YES;
				IPHONEOS_DEPLOYMENT_TARGET = 26.2;
				MARKETING_VERSION = 1.0;
				PRODUCT_BUNDLE_IDENTIFIER = de.kirstenpfad.AnimatedMapPolylineTests;
				PRODUCT_NAME = "$(TARGET_NAME)";
				STRING_CATALOG_GENERATE_SYMBOLS = NO;
				SWIFT_APPROACHABLE_CONCURRENCY = YES;
				SWIFT_EMIT_LOC_STRINGS = NO;
				SWIFT_UPCOMING_FEATURE_MEMBER_IMPORT_VISIBILITY = YES;
				SWIFT_VERSION = 5.0;
				TARGETED_DEVICE_FAMILY = "1,2";
				TEST_HOST = "$(BUILT_PRODUCTS_DIR)/AnimatedMapPolyline.app/$(BUNDLE_EXECUTABLE_FOLDER_PATH)/AnimatedMapPolyline";
			};
			name = Release;
		};
		8B21FABB2F3649D20031F9C6 /* Debug */ = {
			isa = XCBuildConfiguration;
			buildSettings = {
				CODE_SIGN_STYLE = Automatic;
				CURRENT_PROJECT_VERSION = 1;
				DEVELOPMENT_TEAM = X7H5D9Q5T4;
				GENERATE_INFOPLIST_FILE = YES;
				MARKETING_VERSION = 1.0;
				PRODUCT_BUNDLE_IDENTIFIER = de.kirstenpfad.AnimatedMapPolylineUITests;
				PRODUCT_NAME = "$(TARGET_NAME)";
				STRING_CATALOG_GENERATE_SYMBOLS = NO;
				SWIFT_APPROACHABLE_CONCURRENCY = YES;
				SWIFT_EMIT_LOC_STRINGS = NO;
				SWIFT_UPCOMING_FEATURE_MEMBER_IMPORT_VISIBILITY = YES;
				SWIFT_VERSION = 5.0;
				TARGETED_DEVICE_FAMILY = "1,2";
				TEST_TARGET_NAME = AnimatedMapPolyline;
			};
			name = Debug;
		};
		8B21FABC2F3649D20031F9C6 /* Release */ = {
			isa = XCBuildConfiguration;
			buildSettings = {
				CODE_SIGN_STYLE = Automatic;
				CURRENT_PROJECT_VERSION = 1;
				DEVELOPMENT_TEAM = X7H5D9Q5T4;
				GENERATE_INFOPLIST_FILE = YES;
				MARKETING_VERSION = 1.0;
				PRODUCT_BUNDLE_IDENTIFIER = de.kirstenpfad.AnimatedMapPolylineUITests;
				PRODUCT_NAME = "$(TARGET_NAME)";
				STRING_CATALOG_GENERATE_SYMBOLS = NO;
				SWIFT_APPROACHABLE_CONCURRENCY = YES;
				SWIFT_EMIT_LOC_STRINGS = NO;
				SWIFT_UPCOMING_FEATURE_MEMBER_IMPORT_VISIBILITY = YES;
				SWIFT_VERSION = 5.0;
				TARGETED_DEVICE_FAMILY = "1,2";
				TEST_TARGET_NAME = AnimatedMapPolyline;
			};
			name = Release;
		};
/* End XCBuildConfiguration section */

/* Begin XCConfigurationList section */
		8B21FA8E2F3649D00031F9C6 /* Build configuration list for PBXProject "AnimatedMapPolyline" */ = {
			isa = XCConfigurationList;
			buildConfigurations = (
				8B21FAB22F3649D20031F9C6 /* Debug */,
				8B21FAB32F3649D20031F9C6 /* Release */,
			);
			defaultConfigurationIsVisible = 0;
			defaultConfigurationName = Release;
		};
		8B21FAB42F3649D20031F9C6 /* Build configuration list for PBXNativeTarget "AnimatedMapPolyline" */ = {
			isa = XCConfigurationList;
			buildConfigurations = (
				8B21FAB52F3649D20031F9C6 /* Debug */,
				8B21FAB62F3649D20031F9C6 /* Release */,
			);
			defaultConfigurationIsVisible = 0;
			defaultConfigurationName = Release;
		};
		8B21FAB72F3649D20031F9C6 /* Build configuration list for PBXNativeTarget "AnimatedMapPolylineTests" */ = {
			isa = XCConfigurationList;
			buildConfigurations = (
				8B21FAB82F3649D20031F9C6 /* Debug */,
				8B21FAB92F3649D20031F9C6 /* Release */,
			);
			defaultConfigurationIsVisible = 0;
			defaultConfigurationName = Release;
		};
		8B21FABA2F3649D20031F9C6 /* Build configuration list for PBXNativeTarget "AnimatedMapPolylineUITests" */ = {
			isa = XCConfigurationList;
			buildConfigurations = (
				8B21FABB2F3649D20031F9C6 /* Debug */,
				8B21FABC2F3649D20031F9C6 /* Release */,
			);
			defaultConfigurationIsVisible = 0;
			defaultConfigurationName = Release;
		};
/* End XCConfigurationList section */

/* Begin XCLocalSwiftPackageReference section */
		8B21FBF82F365E9D0031F9C6 /* XCLocalSwiftPackageReference "../../AnimatedPolylineKit" */ = {
			isa = XCLocalSwiftPackageReference;
			relativePath = ../../AnimatedPolylineKit;
		};
/* End XCLocalSwiftPackageReference section */

/* Begin XCSwiftPackageProductDependency section */
		8B21FBFC2F365F5D0031F9C6 /* AnimatedPolylineKit */ = {
			isa = XCSwiftPackageProductDependency;
			package = 8B21FBF82F365E9D0031F9C6 /* XCLocalSwiftPackageReference "../../AnimatedPolylineKit" */;
			productName = AnimatedPolylineKit;
		};
/* End XCSwiftPackageProductDependency section */
	};
	rootObject = 8B21FA8B2F3649D00031F9C6 /* Project object */;
}
