{
  "originHash" : "678ba68015e36a73f159d230788d7dca7edeffa66926b9b7fd12c858a4bcefd6",
  "pins" : [
    {
      "identity" : "navigationoverlaykit",
      "kind" : "remoteSourceControl",
      "location" : "https://github.com/bietiekay/NavigationOverlayKit",
      "state" : {
        "revision" : "8597311f0ee794c97b3b565f40957feb919c28c8",
        "version" : "1.0.0"
      }
    },
    {
      "identity" : "swift-qrcode-generator",
      "kind" : "remoteSourceControl",
      "location" : "https://github.com/dagronf/swift-qrcode-generator",
      "state" : {
        "revision" : "2b1980b825f08a81ccc762b0c4d17fcde9d5e953",
        "version" : "2.0.2"
      }
    },
    {
      "identity" : "swiftimagereadwrite",
      "kind" : "remoteSourceControl",
      "location" : "https://github.com/dagronf/SwiftImageReadWrite",
      "state" : {
        "revision" : "42ace2412279f18bc264bc306e96b51c36e12a33",
        "version" : "1.9.2"
      }
    }
  ],
  "version" : 3
}
