{
  "originHash" : "870c40d3c05f3cd164a50875d547e32ae84ca6c9dbfb9c0141f99635d8ee64b9",
  "pins" : [
    {
      "identity" : "animatedpolylinekit",
      "kind" : "remoteSourceControl",
      "location" : "https://github.com/bietiekay/AnimatedPolylineKit",
      "state" : {
        "revision" : "135e7565c89a74db7c07cf60494848f42c542fc5",
        "version" : "1.0.0"
      }
    },
    {
      "identity" : "navigationoverlaykit",
      "kind" : "remoteSourceControl",
      "location" : "https://github.com/bietiekay/NavigationOverlayKit",
      "state" : {
        "revision" : "854387fda62195182a23e2caa59e3652441d3f7d",
        "version" : "1.1.0"
      }
    },
    {
      "identity" : "swift-qrcode-generator",
      "kind" : "remoteSourceControl",
      "location" : "https://github.com/dagronf/swift-qrcode-generator",
      "state" : {
        "revision" : "2b1980b825f08a81ccc762b0c4d17fcde9d5e953",
        "version" : "2.0.2"
      }
    },
    {
      "identity" : "swiftimagereadwrite",
      "kind" : "remoteSourceControl",
      "location" : "https://github.com/dagronf/SwiftImageReadWrite",
      "state" : {
        "revision" : "42ace2412279f18bc264bc306e96b51c36e12a33",
        "version" : "1.9.2"
      }
    }
  ],
  "version" : 3
}
