// !$*UTF8*$!
{
	archiveVersion = 1;
	classes = {
	};
	objectVersion = 77;
	objects = {

/* Begin PBXBuildFile section */
		8B0556F62E0FFF31008B3C81 /* MiataruAPIClient in Frameworks */ = {isa = PBXBuildFile; productRef = 8B0556F52E0FFF31008B3C81 /* MiataruAPIClient */; };
		8B3AFA8E2E0E900B0046E5B3 /* QRCode in Frameworks */ = {isa = PBXBuildFile; productRef = 8B3AFA8D2E0E900B0046E5B3 /* QRCode */; };
		8BDCBB342E06E9CF000041DC /* CodeScanner in Frameworks */ = {isa = PBXBuildFile; productRef = 8BDCBB332E06E9CF000041DC /* CodeScanner */; };
/* End PBXBuildFile section */

/* Begin PBXContainerItemProxy section */
		8BA62CF62E057D1A00F54650 /* PBXContainerItemProxy */ = {
			isa = PBXContainerItemProxy;
			containerPortal = 8BA62CE02E057D1700F54650 /* Project object */;
			proxyType = 1;
			remoteGlobalIDString = 8BA62CE72E057D1700F54650;
			remoteInfo = miataru;
		};
		8BA62D002E057D1A00F54650 /* PBXContainerItemProxy */ = {
			isa = PBXContainerItemProxy;
			containerPortal = 8BA62CE02E057D1700F54650 /* Project object */;
			proxyType = 1;
			remoteGlobalIDString = 8BA62CE72E057D1700F54650;
			remoteInfo = miataru;
		};
/* End PBXContainerItemProxy section */

/* Begin PBXFileReference section */
		8BA62CE82E057D1700F54650 /* miataru.app */ = {isa = PBXFileReference; explicitFileType = wrapper.application; includeInIndex = 0; path = miataru.app; sourceTree = BUILT_PRODUCTS_DIR; };
		8BA62CF52E057D1A00F54650 /* miataruTests.xctest */ = {isa = PBXFileReference; explicitFileType = wrapper.cfbundle; includeInIndex = 0; path = miataruTests.xctest; sourceTree = BUILT_PRODUCTS_DIR; };
		8BA62CFF2E057D1A00F54650 /* miataruUITests.xctest */ = {isa = PBXFileReference; explicitFileType = wrapper.cfbundle; includeInIndex = 0; path = miataruUITests.xctest; sourceTree = BUILT_PRODUCTS_DIR; };
/* End PBXFileReference section */

/* Begin PBXFileSystemSynchronizedBuildFileExceptionSet section */
		8B5D717E2E2C15FC00983B55 /* Exceptions for "miataru" folder in "miataru" target */ = {
			isa = PBXFileSystemSynchronizedBuildFileExceptionSet;
			membershipExceptions = (
				Info.plist,
			);
			target = 8BA62CE72E057D1700F54650 /* miataru */;
		};
/* End PBXFileSystemSynchronizedBuildFileExceptionSet section */

/* Begin PBXFileSystemSynchronizedRootGroup section */
		8BA62CEA2E057D1700F54650 /* miataru */ = {
			isa = PBXFileSystemSynchronizedRootGroup;
			exceptions = (
				8B5D717E2E2C15FC00983B55 /* Exceptions for "miataru" folder in "miataru" target */,
			);
			path = miataru;
			sourceTree = "<group>";
		};
		8BA62CF82E057D1A00F54650 /* miataruTests */ = {
			isa = PBXFileSystemSynchronizedRootGroup;
			path = miataruTests;
			sourceTree = "<group>";
		};
		8BA62D022E057D1A00F54650 /* miataruUITests */ = {
			isa = PBXFileSystemSynchronizedRootGroup;
			path = miataruUITests;
			sourceTree = "<group>";
		};
/* End PBXFileSystemSynchronizedRootGroup section */

/* Begin PBXFrameworksBuildPhase section */
		8BA62CE52E057D1700F54650 /* Frameworks */ = {
			isa = PBXFrameworksBuildPhase;
			buildActionMask = 2147483647;
			files = (
				8B0556F62E0FFF31008B3C81 /* MiataruAPIClient in Frameworks */,
				8B3AFA8E2E0E900B0046E5B3 /* QRCode in Frameworks */,
				8BDCBB342E06E9CF000041DC /* CodeScanner in Frameworks */,
			);
			runOnlyForDeploymentPostprocessing = 0;
		};
		8BA62CF22E057D1A00F54650 /* Frameworks */ = {
			isa = PBXFrameworksBuildPhase;
			buildActionMask = 2147483647;
			files = (
			);
			runOnlyForDeploymentPostprocessing = 0;
		};
		8BA62CFC2E057D1A00F54650 /* Frameworks */ = {
			isa = PBXFrameworksBuildPhase;
			buildActionMask = 2147483647;
			files = (
			);
			runOnlyForDeploymentPostprocessing = 0;
		};
/* End PBXFrameworksBuildPhase section */

/* Begin PBXGroup section */
		8B3AFA8C2E0E900B0046E5B3 /* Frameworks */ = {
			isa = PBXGroup;
			children = (
			);
			name = Frameworks;
			sourceTree = "<group>";
		};
		8BA62CDF2E057D1700F54650 = {
			isa = PBXGroup;
			children = (
				8BA62CEA2E057D1700F54650 /* miataru */,
				8BA62CF82E057D1A00F54650 /* miataruTests */,
				8BA62D022E057D1A00F54650 /* miataruUITests */,
				8B3AFA8C2E0E900B0046E5B3 /* Frameworks */,
				8BA62CE92E057D1700F54650 /* Products */,
			);
			sourceTree = "<group>";
		};
		8BA62CE92E057D1700F54650 /* Products */ = {
			isa = PBXGroup;
			children = (
				8BA62CE82E057D1700F54650 /* miataru.app */,
				8BA62CF52E057D1A00F54650 /* miataruTests.xctest */,
				8BA62CFF2E057D1A00F54650 /* miataruUITests.xctest */,
			);
			name = Products;
			sourceTree = "<group>";
		};
/* End PBXGroup section */

/* Begin PBXNativeTarget section */
		8BA62CE72E057D1700F54650 /* miataru */ = {
			isa = PBXNativeTarget;
			buildConfigurationList = 8BA62D092E057D1A00F54650 /* Build configuration list for PBXNativeTarget "miataru" */;
			buildPhases = (
				8BA62CE42E057D1700F54650 /* Sources */,
				8BA62CE52E057D1700F54650 /* Frameworks */,
				8BA62CE62E057D1700F54650 /* Resources */,
			);
			buildRules = (
			);
			dependencies = (
			);
			fileSystemSynchronizedGroups = (
				8BA62CEA2E057D1700F54650 /* miataru */,
			);
			name = miataru;
			packageProductDependencies = (
				8BDCBB332E06E9CF000041DC /* CodeScanner */,
				8B3AFA8D2E0E900B0046E5B3 /* QRCode */,
				8B0556F52E0FFF31008B3C81 /* MiataruAPIClient */,
			);
			productName = miataru;
			productReference = 8BA62CE82E057D1700F54650 /* miataru.app */;
			productType = "com.apple.product-type.application";
		};
		8BA62CF42E057D1A00F54650 /* miataruTests */ = {
			isa = PBXNativeTarget;
			buildConfigurationList = 8BA62D0C2E057D1A00F54650 /* Build configuration list for PBXNativeTarget "miataruTests" */;
			buildPhases = (
				8BA62CF12E057D1A00F54650 /* Sources */,
				8BA62CF22E057D1A00F54650 /* Frameworks */,
				8BA62CF32E057D1A00F54650 /* Resources */,
			);
			buildRules = (
			);
			dependencies = (
				8BA62CF72E057D1A00F54650 /* PBXTargetDependency */,
			);
			fileSystemSynchronizedGroups = (
				8BA62CF82E057D1A00F54650 /* miataruTests */,
			);
			name = miataruTests;
			packageProductDependencies = (
			);
			productName = miataruTests;
			productReference = 8BA62CF52E057D1A00F54650 /* miataruTests.xctest */;
			productType = "com.apple.product-type.bundle.unit-test";
		};
		8BA62CFE2E057D1A00F54650 /* miataruUITests */ = {
			isa = PBXNativeTarget;
			buildConfigurationList = 8BA62D0F2E057D1A00F54650 /* Build configuration list for PBXNativeTarget "miataruUITests" */;
			buildPhases = (
				8BA62CFB2E057D1A00F54650 /* Sources */,
				8BA62CFC2E057D1A00F54650 /* Frameworks */,
				8BA62CFD2E057D1A00F54650 /* Resources */,
			);
			buildRules = (
			);
			dependencies = (
				8BA62D012E057D1A00F54650 /* PBXTargetDependency */,
			);
			fileSystemSynchronizedGroups = (
				8BA62D022E057D1A00F54650 /* miataruUITests */,
			);
			name = miataruUITests;
			packageProductDependencies = (
			);
			productName = miataruUITests;
			productReference = 8BA62CFF2E057D1A00F54650 /* miataruUITests.xctest */;
			productType = "com.apple.product-type.bundle.ui-testing";
		};
/* End PBXNativeTarget section */

/* Begin PBXProject section */
		8BA62CE02E057D1700F54650 /* Project object */ = {
			isa = PBXProject;
			attributes = {
				BuildIndependentTargetsInParallel = 1;
				CLASSPREFIX = MIAD;
				LastSwiftUpdateCheck = 1640;
				LastUpgradeCheck = 1640;
				ORGANIZATIONNAME = Miataru;
				TargetAttributes = {
					8BA62CE72E057D1700F54650 = {
						CreatedOnToolsVersion = 16.4;
					};
					8BA62CF42E057D1A00F54650 = {
						CreatedOnToolsVersion = 16.4;
						TestTargetID = 8BA62CE72E057D1700F54650;
					};
					8BA62CFE2E057D1A00F54650 = {
						CreatedOnToolsVersion = 16.4;
					};
				};
			};
			buildConfigurationList = 8BA62CE32E057D1700F54650 /* Build configuration list for PBXProject "miataru" */;
			developmentRegion = en;
			hasScannedForEncodings = 0;
			knownRegions = (
				en,
				Base,
				de,
				ja,
			);
			mainGroup = 8BA62CDF2E057D1700F54650;
			minimizedProjectReferenceProxies = 1;
			packageReferences = (
				8BDCBB322E06E9CF000041DC /* XCLocalSwiftPackageReference "Libraries/CodeScanner-main" */,
				8BDCBB702E0704CD000041DC /* XCLocalSwiftPackageReference "Libraries/QRCode-main" */,
				8B0556F42E0FFF31008B3C81 /* XCLocalSwiftPackageReference "Libraries/MiataruClientSwift" */,
			);
			preferredProjectObjectVersion = 77;
			productRefGroup = 8BA62CE92E057D1700F54650 /* Products */;
			projectDirPath = "";
			projectRoot = "";
			targets = (
				8BA62CE72E057D1700F54650 /* miataru */,
				8BA62CF42E057D1A00F54650 /* miataruTests */,
				8BA62CFE2E057D1A00F54650 /* miataruUITests */,
			);
		};
/* End PBXProject section */

/* Begin PBXResourcesBuildPhase section */
		8BA62CE62E057D1700F54650 /* Resources */ = {
			isa = PBXResourcesBuildPhase;
			buildActionMask = 2147483647;
			files = (
			);
			runOnlyForDeploymentPostprocessing = 0;
		};
		8BA62CF32E057D1A00F54650 /* Resources */ = {
			isa = PBXResourcesBuildPhase;
			buildActionMask = 2147483647;
			files = (
			);
			runOnlyForDeploymentPostprocessing = 0;
		};
		8BA62CFD2E057D1A00F54650 /* Resources */ = {
			isa = PBXResourcesBuildPhase;
			buildActionMask = 2147483647;
			files = (
			);
			runOnlyForDeploymentPostprocessing = 0;
		};
/* End PBXResourcesBuildPhase section */

/* Begin PBXSourcesBuildPhase section */
		8BA62CE42E057D1700F54650 /* Sources */ = {
			isa = PBXSourcesBuildPhase;
			buildActionMask = 2147483647;
			files = (
			);
			runOnlyForDeploymentPostprocessing = 0;
		};
		8BA62CF12E057D1A00F54650 /* Sources */ = {
			isa = PBXSourcesBuildPhase;
			buildActionMask = 2147483647;
			files = (
			);
			runOnlyForDeploymentPostprocessing = 0;
		};
		8BA62CFB2E057D1A00F54650 /* Sources */ = {
			isa = PBXSourcesBuildPhase;
			buildActionMask = 2147483647;
			files = (
			);
			runOnlyForDeploymentPostprocessing = 0;
		};
/* End PBXSourcesBuildPhase section */

/* Begin PBXTargetDependency section */
		8BA62CF72E057D1A00F54650 /* PBXTargetDependency */ = {
			isa = PBXTargetDependency;
			target = 8BA62CE72E057D1700F54650 /* miataru */;
			targetProxy = 8BA62CF62E057D1A00F54650 /* PBXContainerItemProxy */;
		};
		8BA62D012E057D1A00F54650 /* PBXTargetDependency */ = {
			isa = PBXTargetDependency;
			target = 8BA62CE72E057D1700F54650 /* miataru */;
			targetProxy = 8BA62D002E057D1A00F54650 /* PBXContainerItemProxy */;
		};
/* End PBXTargetDependency section */

/* Begin XCBuildConfiguration section */
		8BA62D072E057D1A00F54650 /* Debug */ = {
			isa = XCBuildConfiguration;
			buildSettings = {
				ALWAYS_SEARCH_USER_PATHS = NO;
				ASSETCATALOG_COMPILER_GENERATE_SWIFT_ASSET_SYMBOL_EXTENSIONS = YES;
				CLANG_ANALYZER_LOCALIZABILITY_NONLOCALIZED = YES;
				CLANG_ANALYZER_NONNULL = YES;
				CLANG_ANALYZER_NUMBER_OBJECT_CONVERSION = YES_AGGRESSIVE;
				CLANG_CXX_LANGUAGE_STANDARD = "gnu++20";
				CLANG_ENABLE_MODULES = YES;
				CLANG_ENABLE_OBJC_ARC = YES;
				CLANG_ENABLE_OBJC_WEAK = YES;
				CLANG_WARN_BLOCK_CAPTURE_AUTORELEASING = YES;
				CLANG_WARN_BOOL_CONVERSION = YES;
				CLANG_WARN_COMMA = YES;
				CLANG_WARN_CONSTANT_CONVERSION = YES;
				CLANG_WARN_DEPRECATED_OBJC_IMPLEMENTATIONS = YES;
				CLANG_WARN_DIRECT_OBJC_ISA_USAGE = YES_ERROR;
				CLANG_WARN_DOCUMENTATION_COMMENTS = YES;
				CLANG_WARN_EMPTY_BODY = YES;
				CLANG_WARN_ENUM_CONVERSION = YES;
				CLANG_WARN_INFINITE_RECURSION = YES;
				CLANG_WARN_INT_CONVERSION = YES;
				CLANG_WARN_NON_LITERAL_NULL_CONVERSION = YES;
				CLANG_WARN_OBJC_IMPLICIT_RETAIN_SELF = YES;
				CLANG_WARN_OBJC_LITERAL_CONVERSION = YES;
				CLANG_WARN_OBJC_ROOT_CLASS = YES_ERROR;
				CLANG_WARN_QUOTED_INCLUDE_IN_FRAMEWORK_HEADER = YES;
				CLANG_WARN_RANGE_LOOP_ANALYSIS = YES;
				CLANG_WARN_STRICT_PROTOTYPES = YES;
				CLANG_WARN_SUSPICIOUS_MOVE = YES;
				CLANG_WARN_UNGUARDED_AVAILABILITY = YES_AGGRESSIVE;
				CLANG_WARN_UNREACHABLE_CODE = YES;
				CLANG_WARN__DUPLICATE_METHOD_MATCH = YES;
				COPY_PHASE_STRIP = NO;
				DEBUG_INFORMATION_FORMAT = dwarf;
				DEVELOPMENT_TEAM = X7H5D9Q5T4;
				ENABLE_STRICT_OBJC_MSGSEND = YES;
				ENABLE_TESTABILITY = YES;
				ENABLE_USER_SCRIPT_SANDBOXING = YES;
				GCC_C_LANGUAGE_STANDARD = gnu17;
				GCC_DYNAMIC_NO_PIC = NO;
				GCC_NO_COMMON_BLOCKS = YES;
				GCC_OPTIMIZATION_LEVEL = 0;
				GCC_PREPROCESSOR_DEFINITIONS = (
					"DEBUG=1",
					"$(inherited)",
				);
				GCC_WARN_64_TO_32_BIT_CONVERSION = YES;
				GCC_WARN_ABOUT_RETURN_TYPE = YES_ERROR;
				GCC_WARN_UNDECLARED_SELECTOR = YES;
				GCC_WARN_UNINITIALIZED_AUTOS = YES_AGGRESSIVE;
				GCC_WARN_UNUSED_FUNCTION = YES;
				GCC_WARN_UNUSED_VARIABLE = YES;
				IPHONEOS_DEPLOYMENT_TARGET = 18.5;
				LOCALIZATION_PREFERS_STRING_CATALOGS = YES;
				MTL_ENABLE_DEBUG_INFO = INCLUDE_SOURCE;
				MTL_FAST_MATH = YES;
				ONLY_ACTIVE_ARCH = YES;
				SDKROOT = iphoneos;
				SWIFT_ACTIVE_COMPILATION_CONDITIONS = "DEBUG $(inherited)";
				SWIFT_EMIT_LOC_STRINGS = YES;
				SWIFT_OPTIMIZATION_LEVEL = "-Onone";
			};
			name = Debug;
		};
		8BA62D082E057D1A00F54650 /* Release */ = {
			isa = XCBuildConfiguration;
			buildSettings = {
				ALWAYS_SEARCH_USER_PATHS = NO;
				ASSETCATALOG_COMPILER_GENERATE_SWIFT_ASSET_SYMBOL_EXTENSIONS = YES;
				CLANG_ANALYZER_LOCALIZABILITY_NONLOCALIZED = YES;
				CLANG_ANALYZER_NONNULL = YES;
				CLANG_ANALYZER_NUMBER_OBJECT_CONVERSION = YES_AGGRESSIVE;
				CLANG_CXX_LANGUAGE_STANDARD = "gnu++20";
				CLANG_ENABLE_MODULES = YES;
				CLANG_ENABLE_OBJC_ARC = YES;
				CLANG_ENABLE_OBJC_WEAK = YES;
				CLANG_WARN_BLOCK_CAPTURE_AUTORELEASING = YES;
				CLANG_WARN_BOOL_CONVERSION = YES;
				CLANG_WARN_COMMA = YES;
				CLANG_WARN_CONSTANT_CONVERSION = YES;
				CLANG_WARN_DEPRECATED_OBJC_IMPLEMENTATIONS = YES;
				CLANG_WARN_DIRECT_OBJC_ISA_USAGE = YES_ERROR;
				CLANG_WARN_DOCUMENTATION_COMMENTS = YES;
				CLANG_WARN_EMPTY_BODY = YES;
				CLANG_WARN_ENUM_CONVERSION = YES;
				CLANG_WARN_INFINITE_RECURSION = YES;
				CLANG_WARN_INT_CONVERSION = YES;
				CLANG_WARN_NON_LITERAL_NULL_CONVERSION = YES;
				CLANG_WARN_OBJC_IMPLICIT_RETAIN_SELF = YES;
				CLANG_WARN_OBJC_LITERAL_CONVERSION = YES;
				CLANG_WARN_OBJC_ROOT_CLASS = YES_ERROR;
				CLANG_WARN_QUOTED_INCLUDE_IN_FRAMEWORK_HEADER = YES;
				CLANG_WARN_RANGE_LOOP_ANALYSIS = YES;
				CLANG_WARN_STRICT_PROTOTYPES = YES;
				CLANG_WARN_SUSPICIOUS_MOVE = YES;
				CLANG_WARN_UNGUARDED_AVAILABILITY = YES_AGGRESSIVE;
				CLANG_WARN_UNREACHABLE_CODE = YES;
				CLANG_WARN__DUPLICATE_METHOD_MATCH = YES;
				COPY_PHASE_STRIP = NO;
				DEBUG_INFORMATION_FORMAT = "dwarf-with-dsym";
				DEVELOPMENT_TEAM = X7H5D9Q5T4;
				ENABLE_NS_ASSERTIONS = NO;
				ENABLE_STRICT_OBJC_MSGSEND = YES;
				ENABLE_USER_SCRIPT_SANDBOXING = YES;
				GCC_C_LANGUAGE_STANDARD = gnu17;
				GCC_NO_COMMON_BLOCKS = YES;
				GCC_WARN_64_TO_32_BIT_CONVERSION = YES;
				GCC_WARN_ABOUT_RETURN_TYPE = YES_ERROR;
				GCC_WARN_UNDECLARED_SELECTOR = YES;
				GCC_WARN_UNINITIALIZED_AUTOS = YES_AGGRESSIVE;
				GCC_WARN_UNUSED_FUNCTION = YES;
				GCC_WARN_UNUSED_VARIABLE = YES;
				IPHONEOS_DEPLOYMENT_TARGET = 18.5;
				LOCALIZATION_PREFERS_STRING_CATALOGS = YES;
				MTL_ENABLE_DEBUG_INFO = NO;
				MTL_FAST_MATH = YES;
				SDKROOT = iphoneos;
				SWIFT_COMPILATION_MODE = wholemodule;
				SWIFT_EMIT_LOC_STRINGS = YES;
				VALIDATE_PRODUCT = YES;
			};
			name = Release;
		};
		8BA62D0A2E057D1A00F54650 /* Debug */ = {
			isa = XCBuildConfiguration;
			buildSettings = {
				ASSETCATALOG_COMPILER_APPICON_NAME = OldMiataruIcon;
				ASSETCATALOG_COMPILER_GLOBAL_ACCENT_COLOR_NAME = AccentColor;
				CODE_SIGN_STYLE = Automatic;
				CREATE_INFOPLIST_SECTION_IN_BINARY = YES;
				CURRENT_PROJECT_VERSION = 12;
				DEVELOPMENT_TEAM = X7H5D9Q5T4;
				ENABLE_PREVIEWS = YES;
				GENERATE_INFOPLIST_FILE = YES;
				INFOPLIST_FILE = miataru/Info.plist;
				INFOPLIST_KEY_CFBundleDisplayName = miataru;
				INFOPLIST_KEY_LSApplicationCategoryType = "public.app-category.navigation";
				INFOPLIST_KEY_NSCameraUsageDescription = "The camera is used to scan QR-Codes.";
				INFOPLIST_KEY_NSLocationAlwaysAndWhenInUseUsageDescription = "Miataru uses your location to allow tracking and sharing your location with users you allow through the Miataru server you choose.";
				INFOPLIST_KEY_NSLocationAlwaysUsageDescription = "Miataru uses your location to allow tracking and sharing your location with users you allow through the Miataru server you choose.";
				INFOPLIST_KEY_NSLocationUsageDescription = "Miataru uses your location to allow tracking and sharing your location with users you allow through the Miataru server you choose.";
				INFOPLIST_KEY_NSLocationWhenInUseUsageDescription = "Miataru uses your location to allow tracking and sharing your location with users you allow through the Miataru server you choose.";
				INFOPLIST_KEY_UIApplicationSceneManifest_Generation = YES;
				INFOPLIST_KEY_UIApplicationSupportsIndirectInputEvents = YES;
				INFOPLIST_KEY_UILaunchScreen_Generation = YES;
				INFOPLIST_KEY_UISupportedInterfaceOrientations_iPad = "UIInterfaceOrientationPortrait UIInterfaceOrientationPortraitUpsideDown UIInterfaceOrientationLandscapeLeft UIInterfaceOrientationLandscapeRight";
				INFOPLIST_KEY_UISupportedInterfaceOrientations_iPhone = "UIInterfaceOrientationPortrait UIInterfaceOrientationLandscapeLeft UIInterfaceOrientationLandscapeRight";
				IPHONEOS_DEPLOYMENT_TARGET = 18.0;
				LD_RUNPATH_SEARCH_PATHS = (
					"$(inherited)",
					"@executable_path/Frameworks",
				);
				MARKETING_VERSION = 2.1;
				PRODUCT_BUNDLE_IDENTIFIER = com.miataru.ios;
				PRODUCT_NAME = "$(TARGET_NAME)";
				SWIFT_EMIT_LOC_STRINGS = YES;
				SWIFT_VERSION = 5.0;
				TARGETED_DEVICE_FAMILY = "1,2";
			};
			name = Debug;
		};
		8BA62D0B2E057D1A00F54650 /* Release */ = {
			isa = XCBuildConfiguration;
			buildSettings = {
				ASSETCATALOG_COMPILER_APPICON_NAME = OldMiataruIcon;
				ASSETCATALOG_COMPILER_GLOBAL_ACCENT_COLOR_NAME = AccentColor;
				CODE_SIGN_STYLE = Automatic;
				CREATE_INFOPLIST_SECTION_IN_BINARY = YES;
				CURRENT_PROJECT_VERSION = 12;
				DEVELOPMENT_TEAM = X7H5D9Q5T4;
				ENABLE_PREVIEWS = YES;
				GENERATE_INFOPLIST_FILE = YES;
				INFOPLIST_FILE = miataru/Info.plist;
				INFOPLIST_KEY_CFBundleDisplayName = miataru;
				INFOPLIST_KEY_LSApplicationCategoryType = "public.app-category.navigation";
				INFOPLIST_KEY_NSCameraUsageDescription = "The camera is used to scan QR-Codes.";
				INFOPLIST_KEY_NSLocationAlwaysAndWhenInUseUsageDescription = "Miataru uses your location to allow tracking and sharing your location with users you allow through the Miataru server you choose.";
				INFOPLIST_KEY_NSLocationAlwaysUsageDescription = "Miataru uses your location to allow tracking and sharing your location with users you allow through the Miataru server you choose.";
				INFOPLIST_KEY_NSLocationUsageDescription = "Miataru uses your location to allow tracking and sharing your location with users you allow through the Miataru server you choose.";
				INFOPLIST_KEY_NSLocationWhenInUseUsageDescription = "Miataru uses your location to allow tracking and sharing your location with users you allow through the Miataru server you choose.";
				INFOPLIST_KEY_UIApplicationSceneManifest_Generation = YES;
				INFOPLIST_KEY_UIApplicationSupportsIndirectInputEvents = YES;
				INFOPLIST_KEY_UILaunchScreen_Generation = YES;
				INFOPLIST_KEY_UISupportedInterfaceOrientations_iPad = "UIInterfaceOrientationPortrait UIInterfaceOrientationPortraitUpsideDown UIInterfaceOrientationLandscapeLeft UIInterfaceOrientationLandscapeRight";
				INFOPLIST_KEY_UISupportedInterfaceOrientations_iPhone = "UIInterfaceOrientationPortrait UIInterfaceOrientationLandscapeLeft UIInterfaceOrientationLandscapeRight";
				IPHONEOS_DEPLOYMENT_TARGET = 18.0;
				LD_RUNPATH_SEARCH_PATHS = (
					"$(inherited)",
					"@executable_path/Frameworks",
				);
				MARKETING_VERSION = 2.1;
				PRODUCT_BUNDLE_IDENTIFIER = com.miataru.ios;
				PRODUCT_NAME = "$(TARGET_NAME)";
				SWIFT_EMIT_LOC_STRINGS = YES;
				SWIFT_VERSION = 5.0;
				TARGETED_DEVICE_FAMILY = "1,2";
			};
			name = Release;
		};
		8BA62D0D2E057D1A00F54650 /* Debug */ = {
			isa = XCBuildConfiguration;
			buildSettings = {
				BUNDLE_LOADER = "$(TEST_HOST)";
				CODE_SIGN_STYLE = Automatic;
				CURRENT_PROJECT_VERSION = 1;
				DEVELOPMENT_TEAM = X7H5D9Q5T4;
				GENERATE_INFOPLIST_FILE = YES;
				IPHONEOS_DEPLOYMENT_TARGET = 18.5;
				MARKETING_VERSION = 1.0;
				PRODUCT_BUNDLE_IDENTIFIER = com.miataru.ios.miataruTests;
				PRODUCT_NAME = "$(TARGET_NAME)";
				SWIFT_EMIT_LOC_STRINGS = NO;
				SWIFT_VERSION = 5.0;
				TARGETED_DEVICE_FAMILY = "1,2";
				TEST_HOST = "$(BUILT_PRODUCTS_DIR)/miataru.app/$(BUNDLE_EXECUTABLE_FOLDER_PATH)/miataru";
			};
			name = Debug;
		};
		8BA62D0E2E057D1A00F54650 /* Release */ = {
			isa = XCBuildConfiguration;
			buildSettings = {
				BUNDLE_LOADER = "$(TEST_HOST)";
				CODE_SIGN_STYLE = Automatic;
				CURRENT_PROJECT_VERSION = 1;
				DEVELOPMENT_TEAM = X7H5D9Q5T4;
				GENERATE_INFOPLIST_FILE = YES;
				IPHONEOS_DEPLOYMENT_TARGET = 18.5;
				MARKETING_VERSION = 1.0;
				PRODUCT_BUNDLE_IDENTIFIER = com.miataru.ios.miataruTests;
				PRODUCT_NAME = "$(TARGET_NAME)";
				SWIFT_EMIT_LOC_STRINGS = NO;
				SWIFT_VERSION = 5.0;
				TARGETED_DEVICE_FAMILY = "1,2";
				TEST_HOST = "$(BUILT_PRODUCTS_DIR)/miataru.app/$(BUNDLE_EXECUTABLE_FOLDER_PATH)/miataru";
			};
			name = Release;
		};
		8BA62D102E057D1A00F54650 /* Debug */ = {
			isa = XCBuildConfiguration;
			buildSettings = {
				CODE_SIGN_STYLE = Automatic;
				CURRENT_PROJECT_VERSION = 1;
				DEVELOPMENT_TEAM = X7H5D9Q5T4;
				GENERATE_INFOPLIST_FILE = YES;
				MARKETING_VERSION = 1.0;
				PRODUCT_BUNDLE_IDENTIFIER = com.miataru.ios.miataruUITests;
				PRODUCT_NAME = "$(TARGET_NAME)";
				PROVISIONING_PROFILE = "";
				SWIFT_EMIT_LOC_STRINGS = NO;
				SWIFT_VERSION = 5.0;
				TARGETED_DEVICE_FAMILY = "1,2";
			};
			name = Debug;
		};
		8BA62D112E057D1A00F54650 /* Release */ = {
			isa = XCBuildConfiguration;
			buildSettings = {
				CODE_SIGN_STYLE = Automatic;
				CURRENT_PROJECT_VERSION = 1;
				DEVELOPMENT_TEAM = X7H5D9Q5T4;
				GENERATE_INFOPLIST_FILE = YES;
				MARKETING_VERSION = 1.0;
				PRODUCT_BUNDLE_IDENTIFIER = com.miataru.ios.miataruUITests;
				PRODUCT_NAME = "$(TARGET_NAME)";
				PROVISIONING_PROFILE = "";
				SWIFT_EMIT_LOC_STRINGS = NO;
				SWIFT_VERSION = 5.0;
				TARGETED_DEVICE_FAMILY = "1,2";
			};
			name = Release;
		};
/* End XCBuildConfiguration section */

/* Begin XCConfigurationList section */
		8BA62CE32E057D1700F54650 /* Build configuration list for PBXProject "miataru" */ = {
			isa = XCConfigurationList;
			buildConfigurations = (
				8BA62D072E057D1A00F54650 /* Debug */,
				8BA62D082E057D1A00F54650 /* Release */,
			);
			defaultConfigurationIsVisible = 0;
			defaultConfigurationName = Release;
		};
		8BA62D092E057D1A00F54650 /* Build configuration list for PBXNativeTarget "miataru" */ = {
			isa = XCConfigurationList;
			buildConfigurations = (
				8BA62D0A2E057D1A00F54650 /* Debug */,
				8BA62D0B2E057D1A00F54650 /* Release */,
			);
			defaultConfigurationIsVisible = 0;
			defaultConfigurationName = Release;
		};
		8BA62D0C2E057D1A00F54650 /* Build configuration list for PBXNativeTarget "miataruTests" */ = {
			isa = XCConfigurationList;
			buildConfigurations = (
				8BA62D0D2E057D1A00F54650 /* Debug */,
				8BA62D0E2E057D1A00F54650 /* Release */,
			);
			defaultConfigurationIsVisible = 0;
			defaultConfigurationName = Release;
		};
		8BA62D0F2E057D1A00F54650 /* Build configuration list for PBXNativeTarget "miataruUITests" */ = {
			isa = XCConfigurationList;
			buildConfigurations = (
				8BA62D102E057D1A00F54650 /* Debug */,
				8BA62D112E057D1A00F54650 /* Release */,
			);
			defaultConfigurationIsVisible = 0;
			defaultConfigurationName = Release;
		};
/* End XCConfigurationList section */

/* Begin XCLocalSwiftPackageReference section */
		8B0556F42E0FFF31008B3C81 /* XCLocalSwiftPackageReference "Libraries/MiataruClientSwift" */ = {
			isa = XCLocalSwiftPackageReference;
			relativePath = Libraries/MiataruClientSwift;
		};
		8BDCBB322E06E9CF000041DC /* XCLocalSwiftPackageReference "Libraries/CodeScanner-main" */ = {
			isa = XCLocalSwiftPackageReference;
			relativePath = "Libraries/CodeScanner-main";
		};
		8BDCBB702E0704CD000041DC /* XCLocalSwiftPackageReference "Libraries/QRCode-main" */ = {
			isa = XCLocalSwiftPackageReference;
			relativePath = "Libraries/QRCode-main";
		};
/* End XCLocalSwiftPackageReference section */

/* Begin XCSwiftPackageProductDependency section */
		8B0556F52E0FFF31008B3C81 /* MiataruAPIClient */ = {
			isa = XCSwiftPackageProductDependency;
			productName = MiataruAPIClient;
		};
		8B3AFA8D2E0E900B0046E5B3 /* QRCode */ = {
			isa = XCSwiftPackageProductDependency;
			package = 8BDCBB702E0704CD000041DC /* XCLocalSwiftPackageReference "Libraries/QRCode-main" */;
			productName = QRCode;
		};
		8BDCBB332E06E9CF000041DC /* CodeScanner */ = {
			isa = XCSwiftPackageProductDependency;
			productName = CodeScanner;
		};
/* End XCSwiftPackageProductDependency section */
	};
	rootObject = 8BA62CE02E057D1700F54650 /* Project object */;
}
